{
  "originHash" : "1fcef63ded01300e97263ab5c70e2e6dfd3f0d2e2a747ccbe598dea5a0da3614",
  "pins" : [
    {
      "identity" : "activityindicatorview",
      "kind" : "remoteSourceControl",
      "location" : "https://github.com/exyte/ActivityIndicatorView",
      "state" : {
        "revision" : "9970fd0bb7a05dad0b6566ae1f56937716686b24",
        "version" : "1.1.1"
      }
    }
  ],
  "version" : 3
}
