{
  "originHash" : "6afeba5e7323e27459b8446190fadc232f6e963b2856d172378ec27463223e15",
  "pins" : [
    {
      "identity" : "concentriconboarding",
      "kind" : "remoteSourceControl",
      "location" : "https://github.com/exyte/ConcentricOnboarding",
      "state" : {
        "revision" : "12d3b2abd946d30bfb3ceb1b4b30f124d80983e9",
        "version" : "1.0.6"
      }
    }
  ],
  "version" : 3
}
