// !$*UTF8*$!
{
	archiveVersion = 1;
	classes = {
	};
	objectVersion = 56;
	objects = {

/* Begin PBXBuildFile section */
		842240F42C44C0DE00733F12 /* OnboardingScreenApp.swift in Sources */ = {isa = PBXBuildFile; fileRef = 842240F32C44C0DE00733F12 /* OnboardingScreenApp.swift */; };
		842240F62C44C0DE00733F12 /* ContentView.swift in Sources */ = {isa = PBXBuildFile; fileRef = 842240F52C44C0DE00733F12 /* ContentView.swift */; };
		842240F82C44C0E800733F12 /* Assets.xcassets in Resources */ = {isa = PBXBuildFile; fileRef = 842240F72C44C0E800733F12 /* Assets.xcassets */; };
		842240FB2C44C0E800733F12 /* Preview Assets.xcassets in Resources */ = {isa = PBXBuildFile; fileRef = 842240FA2C44C0E800733F12 /* Preview Assets.xcassets */; };
		842241052C44C0E900733F12 /* OnboardingScreenTests.swift in Sources */ = {isa = PBXBuildFile; fileRef = 842241042C44C0E900733F12 /* OnboardingScreenTests.swift */; };
		8422410F2C44C0E900733F12 /* OnboardingScreenUITests.swift in Sources */ = {isa = PBXBuildFile; fileRef = 8422410E2C44C0E900733F12 /* OnboardingScreenUITests.swift */; };
		842241112C44C0E900733F12 /* OnboardingScreenUITestsLaunchTests.swift in Sources */ = {isa = PBXBuildFile; fileRef = 842241102C44C0E900733F12 /* OnboardingScreenUITestsLaunchTests.swift */; };
		8422411F2C44C5E900733F12 /* ConcentricOnboarding in Frameworks */ = {isa = PBXBuildFile; productRef = 8422411E2C44C5E900733F12 /* ConcentricOnboarding */; };
/* End PBXBuildFile section */

/* Begin PBXContainerItemProxy section */
		842241012C44C0E900733F12 /* PBXContainerItemProxy */ = {
			isa = PBXContainerItemProxy;
			containerPortal = 842240E82C44C0DE00733F12 /* Project object */;
			proxyType = 1;
			remoteGlobalIDString = 842240EF2C44C0DE00733F12;
			remoteInfo = OnboardingScreen;
		};
		8422410B2C44C0E900733F12 /* PBXContainerItemProxy */ = {
			isa = PBXContainerItemProxy;
			containerPortal = 842240E82C44C0DE00733F12 /* Project object */;
			proxyType = 1;
			remoteGlobalIDString = 842240EF2C44C0DE00733F12;
			remoteInfo = OnboardingScreen;
		};
/* End PBXContainerItemProxy section */

/* Begin PBXFileReference section */
		842240F02C44C0DE00733F12 /* OnboardingScreen.app */ = {isa = PBXFileReference; explicitFileType = wrapper.application; includeInIndex = 0; path = OnboardingScreen.app; sourceTree = BUILT_PRODUCTS_DIR; };
		842240F32C44C0DE00733F12 /* OnboardingScreenApp.swift */ = {isa = PBXFileReference; lastKnownFileType = sourcecode.swift; path = OnboardingScreenApp.swift; sourceTree = "<group>"; };
		842240F52C44C0DE00733F12 /* ContentView.swift */ = {isa = PBXFileReference; lastKnownFileType = sourcecode.swift; path = ContentView.swift; sourceTree = "<group>"; };
		842240F72C44C0E800733F12 /* Assets.xcassets */ = {isa = PBXFileReference; lastKnownFileType = folder.assetcatalog; path = Assets.xcassets; sourceTree = "<group>"; };
		842240FA2C44C0E800733F12 /* Preview Assets.xcassets */ = {isa = PBXFileReference; lastKnownFileType = folder.assetcatalog; path = "Preview Assets.xcassets"; sourceTree = "<group>"; };
		842241002C44C0E900733F12 /* OnboardingScreenTests.xctest */ = {isa = PBXFileReference; explicitFileType = wrapper.cfbundle; includeInIndex = 0; path = OnboardingScreenTests.xctest; sourceTree = BUILT_PRODUCTS_DIR; };
		842241042C44C0E900733F12 /* OnboardingScreenTests.swift */ = {isa = PBXFileReference; lastKnownFileType = sourcecode.swift; path = OnboardingScreenTests.swift; sourceTree = "<group>"; };
		8422410A2C44C0E900733F12 /* OnboardingScreenUITests.xctest */ = {isa = PBXFileReference; explicitFileType = wrapper.cfbundle; includeInIndex = 0; path = OnboardingScreenUITests.xctest; sourceTree = BUILT_PRODUCTS_DIR; };
		8422410E2C44C0E900733F12 /* OnboardingScreenUITests.swift */ = {isa = PBXFileReference; lastKnownFileType = sourcecode.swift; path = OnboardingScreenUITests.swift; sourceTree = "<group>"; };
		842241102C44C0E900733F12 /* OnboardingScreenUITestsLaunchTests.swift */ = {isa = PBXFileReference; lastKnownFileType = sourcecode.swift; path = OnboardingScreenUITestsLaunchTests.swift; sourceTree = "<group>"; };
/* End PBXFileReference section */

/* Begin PBXFrameworksBuildPhase section */
		842240ED2C44C0DE00733F12 /* Frameworks */ = {
			isa = PBXFrameworksBuildPhase;
			buildActionMask = 2147483647;
			files = (
				8422411F2C44C5E900733F12 /* ConcentricOnboarding in Frameworks */,
			);
			runOnlyForDeploymentPostprocessing = 0;
		};
		842240FD2C44C0E900733F12 /* Frameworks */ = {
			isa = PBXFrameworksBuildPhase;
			buildActionMask = 2147483647;
			files = (
			);
			runOnlyForDeploymentPostprocessing = 0;
		};
		842241072C44C0E900733F12 /* Frameworks */ = {
			isa = PBXFrameworksBuildPhase;
			buildActionMask = 2147483647;
			files = (
			);
			runOnlyForDeploymentPostprocessing = 0;
		};
/* End PBXFrameworksBuildPhase section */

/* Begin PBXGroup section */
		842240E72C44C0DE00733F12 = {
			isa = PBXGroup;
			children = (
				842240F22C44C0DE00733F12 /* OnboardingScreen */,
				842241032C44C0E900733F12 /* OnboardingScreenTests */,
				8422410D2C44C0E900733F12 /* OnboardingScreenUITests */,
				842240F12C44C0DE00733F12 /* Products */,
			);
			sourceTree = "<group>";
		};
		842240F12C44C0DE00733F12 /* Products */ = {
			isa = PBXGroup;
			children = (
				842240F02C44C0DE00733F12 /* OnboardingScreen.app */,
				842241002C44C0E900733F12 /* OnboardingScreenTests.xctest */,
				8422410A2C44C0E900733F12 /* OnboardingScreenUITests.xctest */,
			);
			name = Products;
			sourceTree = "<group>";
		};
		842240F22C44C0DE00733F12 /* OnboardingScreen */ = {
			isa = PBXGroup;
			children = (
				842240F32C44C0DE00733F12 /* OnboardingScreenApp.swift */,
				842240F52C44C0DE00733F12 /* ContentView.swift */,
				842240F72C44C0E800733F12 /* Assets.xcassets */,
				842240F92C44C0E800733F12 /* Preview Content */,
			);
			path = OnboardingScreen;
			sourceTree = "<group>";
		};
		842240F92C44C0E800733F12 /* Preview Content */ = {
			isa = PBXGroup;
			children = (
				842240FA2C44C0E800733F12 /* Preview Assets.xcassets */,
			);
			path = "Preview Content";
			sourceTree = "<group>";
		};
		842241032C44C0E900733F12 /* OnboardingScreenTests */ = {
			isa = PBXGroup;
			children = (
				842241042C44C0E900733F12 /* OnboardingScreenTests.swift */,
			);
			path = OnboardingScreenTests;
			sourceTree = "<group>";
		};
		8422410D2C44C0E900733F12 /* OnboardingScreenUITests */ = {
			isa = PBXGroup;
			children = (
				8422410E2C44C0E900733F12 /* OnboardingScreenUITests.swift */,
				842241102C44C0E900733F12 /* OnboardingScreenUITestsLaunchTests.swift */,
			);
			path = OnboardingScreenUITests;
			sourceTree = "<group>";
		};
/* End PBXGroup section */

/* Begin PBXNativeTarget section */
		842240EF2C44C0DE00733F12 /* OnboardingScreen */ = {
			isa = PBXNativeTarget;
			buildConfigurationList = 842241142C44C0E900733F12 /* Build configuration list for PBXNativeTarget "OnboardingScreen" */;
			buildPhases = (
				842240EC2C44C0DE00733F12 /* Sources */,
				842240ED2C44C0DE00733F12 /* Frameworks */,
				842240EE2C44C0DE00733F12 /* Resources */,
			);
			buildRules = (
			);
			dependencies = (
			);
			name = OnboardingScreen;
			packageProductDependencies = (
				8422411E2C44C5E900733F12 /* ConcentricOnboarding */,
			);
			productName = OnboardingScreen;
			productReference = 842240F02C44C0DE00733F12 /* OnboardingScreen.app */;
			productType = "com.apple.product-type.application";
		};
		842240FF2C44C0E900733F12 /* OnboardingScreenTests */ = {
			isa = PBXNativeTarget;
			buildConfigurationList = 842241172C44C0E900733F12 /* Build configuration list for PBXNativeTarget "OnboardingScreenTests" */;
			buildPhases = (
				842240FC2C44C0E900733F12 /* Sources */,
				842240FD2C44C0E900733F12 /* Frameworks */,
				842240FE2C44C0E900733F12 /* Resources */,
			);
			buildRules = (
			);
			dependencies = (
				842241022C44C0E900733F12 /* PBXTargetDependency */,
			);
			name = OnboardingScreenTests;
			productName = OnboardingScreenTests;
			productReference = 842241002C44C0E900733F12 /* OnboardingScreenTests.xctest */;
			productType = "com.apple.product-type.bundle.unit-test";
		};
		842241092C44C0E900733F12 /* OnboardingScreenUITests */ = {
			isa = PBXNativeTarget;
			buildConfigurationList = 8422411A2C44C0E900733F12 /* Build configuration list for PBXNativeTarget "OnboardingScreenUITests" */;
			buildPhases = (
				842241062C44C0E900733F12 /* Sources */,
				842241072C44C0E900733F12 /* Frameworks */,
				842241082C44C0E900733F12 /* Resources */,
			);
			buildRules = (
			);
			dependencies = (
				8422410C2C44C0E900733F12 /* PBXTargetDependency */,
			);
			name = OnboardingScreenUITests;
			productName = OnboardingScreenUITests;
			productReference = 8422410A2C44C0E900733F12 /* OnboardingScreenUITests.xctest */;
			productType = "com.apple.product-type.bundle.ui-testing";
		};
/* End PBXNativeTarget section */

/* Begin PBXProject section */
		842240E82C44C0DE00733F12 /* Project object */ = {
			isa = PBXProject;
			attributes = {
				BuildIndependentTargetsInParallel = 1;
				LastSwiftUpdateCheck = 1530;
				LastUpgradeCheck = 1530;
				TargetAttributes = {
					842240EF2C44C0DE00733F12 = {
						CreatedOnToolsVersion = 15.3;
					};
					842240FF2C44C0E900733F12 = {
						CreatedOnToolsVersion = 15.3;
						TestTargetID = 842240EF2C44C0DE00733F12;
					};
					842241092C44C0E900733F12 = {
						CreatedOnToolsVersion = 15.3;
						TestTargetID = 842240EF2C44C0DE00733F12;
					};
				};
			};
			buildConfigurationList = 842240EB2C44C0DE00733F12 /* Build configuration list for PBXProject "OnboardingScreen" */;
			compatibilityVersion = "Xcode 14.0";
			developmentRegion = en;
			hasScannedForEncodings = 0;
			knownRegions = (
				en,
				Base,
			);
			mainGroup = 842240E72C44C0DE00733F12;
			packageReferences = (
				8422411D2C44C23A00733F12 /* XCRemoteSwiftPackageReference "ConcentricOnboarding" */,
			);
			productRefGroup = 842240F12C44C0DE00733F12 /* Products */;
			projectDirPath = "";
			projectRoot = "";
			targets = (
				842240EF2C44C0DE00733F12 /* OnboardingScreen */,
				842240FF2C44C0E900733F12 /* OnboardingScreenTests */,
				842241092C44C0E900733F12 /* OnboardingScreenUITests */,
			);
		};
/* End PBXProject section */

/* Begin PBXResourcesBuildPhase section */
		842240EE2C44C0DE00733F12 /* Resources */ = {
			isa = PBXResourcesBuildPhase;
			buildActionMask = 2147483647;
			files = (
				842240FB2C44C0E800733F12 /* Preview Assets.xcassets in Resources */,
				842240F82C44C0E800733F12 /* Assets.xcassets in Resources */,
			);
			runOnlyForDeploymentPostprocessing = 0;
		};
		842240FE2C44C0E900733F12 /* Resources */ = {
			isa = PBXResourcesBuildPhase;
			buildActionMask = 2147483647;
			files = (
			);
			runOnlyForDeploymentPostprocessing = 0;
		};
		842241082C44C0E900733F12 /* Resources */ = {
			isa = PBXResourcesBuildPhase;
			buildActionMask = 2147483647;
			files = (
			);
			runOnlyForDeploymentPostprocessing = 0;
		};
/* End PBXResourcesBuildPhase section */

/* Begin PBXSourcesBuildPhase section */
		842240EC2C44C0DE00733F12 /* Sources */ = {
			isa = PBXSourcesBuildPhase;
			buildActionMask = 2147483647;
			files = (
				842240F62C44C0DE00733F12 /* ContentView.swift in Sources */,
				842240F42C44C0DE00733F12 /* OnboardingScreenApp.swift in Sources */,
			);
			runOnlyForDeploymentPostprocessing = 0;
		};
		842240FC2C44C0E900733F12 /* Sources */ = {
			isa = PBXSourcesBuildPhase;
			buildActionMask = 2147483647;
			files = (
				842241052C44C0E900733F12 /* OnboardingScreenTests.swift in Sources */,
			);
			runOnlyForDeploymentPostprocessing = 0;
		};
		842241062C44C0E900733F12 /* Sources */ = {
			isa = PBXSourcesBuildPhase;
			buildActionMask = 2147483647;
			files = (
				8422410F2C44C0E900733F12 /* OnboardingScreenUITests.swift in Sources */,
				842241112C44C0E900733F12 /* OnboardingScreenUITestsLaunchTests.swift in Sources */,
			);
			runOnlyForDeploymentPostprocessing = 0;
		};
/* End PBXSourcesBuildPhase section */

/* Begin PBXTargetDependency section */
		842241022C44C0E900733F12 /* PBXTargetDependency */ = {
			isa = PBXTargetDependency;
			target = 842240EF2C44C0DE00733F12 /* OnboardingScreen */;
			targetProxy = 842241012C44C0E900733F12 /* PBXContainerItemProxy */;
		};
		8422410C2C44C0E900733F12 /* PBXTargetDependency */ = {
			isa = PBXTargetDependency;
			target = 842240EF2C44C0DE00733F12 /* OnboardingScreen */;
			targetProxy = 8422410B2C44C0E900733F12 /* PBXContainerItemProxy */;
		};
/* End PBXTargetDependency section */

/* Begin XCBuildConfiguration section */
		842241122C44C0E900733F12 /* Debug */ = {
			isa = XCBuildConfiguration;
			buildSettings = {
				ALWAYS_SEARCH_USER_PATHS = NO;
				ASSETCATALOG_COMPILER_GENERATE_SWIFT_ASSET_SYMBOL_EXTENSIONS = YES;
				CLANG_ANALYZER_NONNULL = YES;
				CLANG_ANALYZER_NUMBER_OBJECT_CONVERSION = YES_AGGRESSIVE;
				CLANG_CXX_LANGUAGE_STANDARD = "gnu++20";
				CLANG_ENABLE_MODULES = YES;
				CLANG_ENABLE_OBJC_ARC = YES;
				CLANG_ENABLE_OBJC_WEAK = YES;
				CLANG_WARN_BLOCK_CAPTURE_AUTORELEASING = YES;
				CLANG_WARN_BOOL_CONVERSION = YES;
				CLANG_WARN_COMMA = YES;
				CLANG_WARN_CONSTANT_CONVERSION = YES;
				CLANG_WARN_DEPRECATED_OBJC_IMPLEMENTATIONS = YES;
				CLANG_WARN_DIRECT_OBJC_ISA_USAGE = YES_ERROR;
				CLANG_WARN_DOCUMENTATION_COMMENTS = YES;
				CLANG_WARN_EMPTY_BODY = YES;
				CLANG_WARN_ENUM_CONVERSION = YES;
				CLANG_WARN_INFINITE_RECURSION = YES;
				CLANG_WARN_INT_CONVERSION = YES;
				CLANG_WARN_NON_LITERAL_NULL_CONVERSION = YES;
				CLANG_WARN_OBJC_IMPLICIT_RETAIN_SELF = YES;
				CLANG_WARN_OBJC_LITERAL_CONVERSION = YES;
				CLANG_WARN_OBJC_ROOT_CLASS = YES_ERROR;
				CLANG_WARN_QUOTED_INCLUDE_IN_FRAMEWORK_HEADER = YES;
				CLANG_WARN_RANGE_LOOP_ANALYSIS = YES;
				CLANG_WARN_STRICT_PROTOTYPES = YES;
				CLANG_WARN_SUSPICIOUS_MOVE = YES;
				CLANG_WARN_UNGUARDED_AVAILABILITY = YES_AGGRESSIVE;
				CLANG_WARN_UNREACHABLE_CODE = YES;
				CLANG_WARN__DUPLICATE_METHOD_MATCH = YES;
				COPY_PHASE_STRIP = NO;
				DEBUG_INFORMATION_FORMAT = dwarf;
				ENABLE_STRICT_OBJC_MSGSEND = YES;
				ENABLE_TESTABILITY = YES;
				ENABLE_USER_SCRIPT_SANDBOXING = YES;
				GCC_C_LANGUAGE_STANDARD = gnu17;
				GCC_DYNAMIC_NO_PIC = NO;
				GCC_NO_COMMON_BLOCKS = YES;
				GCC_OPTIMIZATION_LEVEL = 0;
				GCC_PREPROCESSOR_DEFINITIONS = (
					"DEBUG=1",
					"$(inherited)",
				);
				GCC_WARN_64_TO_32_BIT_CONVERSION = YES;
				GCC_WARN_ABOUT_RETURN_TYPE = YES_ERROR;
				GCC_WARN_UNDECLARED_SELECTOR = YES;
				GCC_WARN_UNINITIALIZED_AUTOS = YES_AGGRESSIVE;
				GCC_WARN_UNUSED_FUNCTION = YES;
				GCC_WARN_UNUSED_VARIABLE = YES;
				IPHONEOS_DEPLOYMENT_TARGET = 17.4;
				LOCALIZATION_PREFERS_STRING_CATALOGS = YES;
				MTL_ENABLE_DEBUG_INFO = INCLUDE_SOURCE;
				MTL_FAST_MATH = YES;
				ONLY_ACTIVE_ARCH = YES;
				SDKROOT = iphoneos;
				SWIFT_ACTIVE_COMPILATION_CONDITIONS = "DEBUG $(inherited)";
				SWIFT_OPTIMIZATION_LEVEL = "-Onone";
			};
			name = Debug;
		};
		842241132C44C0E900733F12 /* Release */ = {
			isa = XCBuildConfiguration;
			buildSettings = {
				ALWAYS_SEARCH_USER_PATHS = NO;
				ASSETCATALOG_COMPILER_GENERATE_SWIFT_ASSET_SYMBOL_EXTENSIONS = YES;
				CLANG_ANALYZER_NONNULL = YES;
				CLANG_ANALYZER_NUMBER_OBJECT_CONVERSION = YES_AGGRESSIVE;
				CLANG_CXX_LANGUAGE_STANDARD = "gnu++20";
				CLANG_ENABLE_MODULES = YES;
				CLANG_ENABLE_OBJC_ARC = YES;
				CLANG_ENABLE_OBJC_WEAK = YES;
				CLANG_WARN_BLOCK_CAPTURE_AUTORELEASING = YES;
				CLANG_WARN_BOOL_CONVERSION = YES;
				CLANG_WARN_COMMA = YES;
				CLANG_WARN_CONSTANT_CONVERSION = YES;
				CLANG_WARN_DEPRECATED_OBJC_IMPLEMENTATIONS = YES;
				CLANG_WARN_DIRECT_OBJC_ISA_USAGE = YES_ERROR;
				CLANG_WARN_DOCUMENTATION_COMMENTS = YES;
				CLANG_WARN_EMPTY_BODY = YES;
				CLANG_WARN_ENUM_CONVERSION = YES;
				CLANG_WARN_INFINITE_RECURSION = YES;
				CLANG_WARN_INT_CONVERSION = YES;
				CLANG_WARN_NON_LITERAL_NULL_CONVERSION = YES;
				CLANG_WARN_OBJC_IMPLICIT_RETAIN_SELF = YES;
				CLANG_WARN_OBJC_LITERAL_CONVERSION = YES;
				CLANG_WARN_OBJC_ROOT_CLASS = YES_ERROR;
				CLANG_WARN_QUOTED_INCLUDE_IN_FRAMEWORK_HEADER = YES;
				CLANG_WARN_RANGE_LOOP_ANALYSIS = YES;
				CLANG_WARN_STRICT_PROTOTYPES = YES;
				CLANG_WARN_SUSPICIOUS_MOVE = YES;
				CLANG_WARN_UNGUARDED_AVAILABILITY = YES_AGGRESSIVE;
				CLANG_WARN_UNREACHABLE_CODE = YES;
				CLANG_WARN__DUPLICATE_METHOD_MATCH = YES;
				COPY_PHASE_STRIP = NO;
				DEBUG_INFORMATION_FORMAT = "dwarf-with-dsym";
				ENABLE_NS_ASSERTIONS = NO;
				ENABLE_STRICT_OBJC_MSGSEND = YES;
				ENABLE_USER_SCRIPT_SANDBOXING = YES;
				GCC_C_LANGUAGE_STANDARD = gnu17;
				GCC_NO_COMMON_BLOCKS = YES;
				GCC_WARN_64_TO_32_BIT_CONVERSION = YES;
				GCC_WARN_ABOUT_RETURN_TYPE = YES_ERROR;
				GCC_WARN_UNDECLARED_SELECTOR = YES;
				GCC_WARN_UNINITIALIZED_AUTOS = YES_AGGRESSIVE;
				GCC_WARN_UNUSED_FUNCTION = YES;
				GCC_WARN_UNUSED_VARIABLE = YES;
				IPHONEOS_DEPLOYMENT_TARGET = 17.4;
				LOCALIZATION_PREFERS_STRING_CATALOGS = YES;
				MTL_ENABLE_DEBUG_INFO = NO;
				MTL_FAST_MATH = YES;
				SDKROOT = iphoneos;
				SWIFT_COMPILATION_MODE = wholemodule;
				VALIDATE_PRODUCT = YES;
			};
			name = Release;
		};
		842241152C44C0E900733F12 /* Debug */ = {
			isa = XCBuildConfiguration;
			buildSettings = {
				ASSETCATALOG_COMPILER_APPICON_NAME = AppIcon;
				ASSETCATALOG_COMPILER_GLOBAL_ACCENT_COLOR_NAME = AccentColor;
				CODE_SIGN_STYLE = Automatic;
				CURRENT_PROJECT_VERSION = 1;
				DEVELOPMENT_ASSET_PATHS = "\"OnboardingScreen/Preview Content\"";
				ENABLE_PREVIEWS = YES;
				GENERATE_INFOPLIST_FILE = YES;
				INFOPLIST_KEY_UIApplicationSceneManifest_Generation = YES;
				INFOPLIST_KEY_UIApplicationSupportsIndirectInputEvents = YES;
				INFOPLIST_KEY_UILaunchScreen_Generation = YES;
				INFOPLIST_KEY_UISupportedInterfaceOrientations_iPad = "UIInterfaceOrientationPortrait UIInterfaceOrientationPortraitUpsideDown UIInterfaceOrientationLandscapeLeft UIInterfaceOrientationLandscapeRight";
				INFOPLIST_KEY_UISupportedInterfaceOrientations_iPhone = "UIInterfaceOrientationPortrait UIInterfaceOrientationLandscapeLeft UIInterfaceOrientationLandscapeRight";
				LD_RUNPATH_SEARCH_PATHS = (
					"$(inherited)",
					"@executable_path/Frameworks",
				);
				MARKETING_VERSION = 1.0;
				PRODUCT_BUNDLE_IDENTIFIER = hello.OnboardingScreen;
				PRODUCT_NAME = "$(TARGET_NAME)";
				SWIFT_EMIT_LOC_STRINGS = YES;
				SWIFT_VERSION = 5.0;
				TARGETED_DEVICE_FAMILY = "1,2";
			};
			name = Debug;
		};
		842241162C44C0E900733F12 /* Release */ = {
			isa = XCBuildConfiguration;
			buildSettings = {
				ASSETCATALOG_COMPILER_APPICON_NAME = AppIcon;
				ASSETCATALOG_COMPILER_GLOBAL_ACCENT_COLOR_NAME = AccentColor;
				CODE_SIGN_STYLE = Automatic;
				CURRENT_PROJECT_VERSION = 1;
				DEVELOPMENT_ASSET_PATHS = "\"OnboardingScreen/Preview Content\"";
				ENABLE_PREVIEWS = YES;
				GENERATE_INFOPLIST_FILE = YES;
				INFOPLIST_KEY_UIApplicationSceneManifest_Generation = YES;
				INFOPLIST_KEY_UIApplicationSupportsIndirectInputEvents = YES;
				INFOPLIST_KEY_UILaunchScreen_Generation = YES;
				INFOPLIST_KEY_UISupportedInterfaceOrientations_iPad = "UIInterfaceOrientationPortrait UIInterfaceOrientationPortraitUpsideDown UIInterfaceOrientationLandscapeLeft UIInterfaceOrientationLandscapeRight";
				INFOPLIST_KEY_UISupportedInterfaceOrientations_iPhone = "UIInterfaceOrientationPortrait UIInterfaceOrientationLandscapeLeft UIInterfaceOrientationLandscapeRight";
				LD_RUNPATH_SEARCH_PATHS = (
					"$(inherited)",
					"@executable_path/Frameworks",
				);
				MARKETING_VERSION = 1.0;
				PRODUCT_BUNDLE_IDENTIFIER = hello.OnboardingScreen;
				PRODUCT_NAME = "$(TARGET_NAME)";
				SWIFT_EMIT_LOC_STRINGS = YES;
				SWIFT_VERSION = 5.0;
				TARGETED_DEVICE_FAMILY = "1,2";
			};
			name = Release;
		};
		842241182C44C0E900733F12 /* Debug */ = {
			isa = XCBuildConfiguration;
			buildSettings = {
				ALWAYS_EMBED_SWIFT_STANDARD_LIBRARIES = YES;
				BUNDLE_LOADER = "$(TEST_HOST)";
				CODE_SIGN_STYLE = Automatic;
				CURRENT_PROJECT_VERSION = 1;
				GENERATE_INFOPLIST_FILE = YES;
				IPHONEOS_DEPLOYMENT_TARGET = 17.4;
				MARKETING_VERSION = 1.0;
				PRODUCT_BUNDLE_IDENTIFIER = hello.OnboardingScreenTests;
				PRODUCT_NAME = "$(TARGET_NAME)";
				SWIFT_EMIT_LOC_STRINGS = NO;
				SWIFT_VERSION = 5.0;
				TARGETED_DEVICE_FAMILY = "1,2";
				TEST_HOST = "$(BUILT_PRODUCTS_DIR)/OnboardingScreen.app/$(BUNDLE_EXECUTABLE_FOLDER_PATH)/OnboardingScreen";
			};
			name = Debug;
		};
		842241192C44C0E900733F12 /* Release */ = {
			isa = XCBuildConfiguration;
			buildSettings = {
				ALWAYS_EMBED_SWIFT_STANDARD_LIBRARIES = YES;
				BUNDLE_LOADER = "$(TEST_HOST)";
				CODE_SIGN_STYLE = Automatic;
				CURRENT_PROJECT_VERSION = 1;
				GENERATE_INFOPLIST_FILE = YES;
				IPHONEOS_DEPLOYMENT_TARGET = 17.4;
				MARKETING_VERSION = 1.0;
				PRODUCT_BUNDLE_IDENTIFIER = hello.OnboardingScreenTests;
				PRODUCT_NAME = "$(TARGET_NAME)";
				SWIFT_EMIT_LOC_STRINGS = NO;
				SWIFT_VERSION = 5.0;
				TARGETED_DEVICE_FAMILY = "1,2";
				TEST_HOST = "$(BUILT_PRODUCTS_DIR)/OnboardingScreen.app/$(BUNDLE_EXECUTABLE_FOLDER_PATH)/OnboardingScreen";
			};
			name = Release;
		};
		8422411B2C44C0E900733F12 /* Debug */ = {
			isa = XCBuildConfiguration;
			buildSettings = {
				ALWAYS_EMBED_SWIFT_STANDARD_LIBRARIES = YES;
				CODE_SIGN_STYLE = Automatic;
				CURRENT_PROJECT_VERSION = 1;
				GENERATE_INFOPLIST_FILE = YES;
				MARKETING_VERSION = 1.0;
				PRODUCT_BUNDLE_IDENTIFIER = hello.OnboardingScreenUITests;
				PRODUCT_NAME = "$(TARGET_NAME)";
				SWIFT_EMIT_LOC_STRINGS = NO;
				SWIFT_VERSION = 5.0;
				TARGETED_DEVICE_FAMILY = "1,2";
				TEST_TARGET_NAME = OnboardingScreen;
			};
			name = Debug;
		};
		8422411C2C44C0E900733F12 /* Release */ = {
			isa = XCBuildConfiguration;
			buildSettings = {
				ALWAYS_EMBED_SWIFT_STANDARD_LIBRARIES = YES;
				CODE_SIGN_STYLE = Automatic;
				CURRENT_PROJECT_VERSION = 1;
				GENERATE_INFOPLIST_FILE = YES;
				MARKETING_VERSION = 1.0;
				PRODUCT_BUNDLE_IDENTIFIER = hello.OnboardingScreenUITests;
				PRODUCT_NAME = "$(TARGET_NAME)";
				SWIFT_EMIT_LOC_STRINGS = NO;
				SWIFT_VERSION = 5.0;
				TARGETED_DEVICE_FAMILY = "1,2";
				TEST_TARGET_NAME = OnboardingScreen;
			};
			name = Release;
		};
/* End XCBuildConfiguration section */

/* Begin XCConfigurationList section */
		842240EB2C44C0DE00733F12 /* Build configuration list for PBXProject "OnboardingScreen" */ = {
			isa = XCConfigurationList;
			buildConfigurations = (
				842241122C44C0E900733F12 /* Debug */,
				842241132C44C0E900733F12 /* Release */,
			);
			defaultConfigurationIsVisible = 0;
			defaultConfigurationName = Release;
		};
		842241142C44C0E900733F12 /* Build configuration list for PBXNativeTarget "OnboardingScreen" */ = {
			isa = XCConfigurationList;
			buildConfigurations = (
				842241152C44C0E900733F12 /* Debug */,
				842241162C44C0E900733F12 /* Release */,
			);
			defaultConfigurationIsVisible = 0;
			defaultConfigurationName = Release;
		};
		842241172C44C0E900733F12 /* Build configuration list for PBXNativeTarget "OnboardingScreenTests" */ = {
			isa = XCConfigurationList;
			buildConfigurations = (
				842241182C44C0E900733F12 /* Debug */,
				842241192C44C0E900733F12 /* Release */,
			);
			defaultConfigurationIsVisible = 0;
			defaultConfigurationName = Release;
		};
		8422411A2C44C0E900733F12 /* Build configuration list for PBXNativeTarget "OnboardingScreenUITests" */ = {
			isa = XCConfigurationList;
			buildConfigurations = (
				8422411B2C44C0E900733F12 /* Debug */,
				8422411C2C44C0E900733F12 /* Release */,
			);
			defaultConfigurationIsVisible = 0;
			defaultConfigurationName = Release;
		};
/* End XCConfigurationList section */

/* Begin XCRemoteSwiftPackageReference section */
		8422411D2C44C23A00733F12 /* XCRemoteSwiftPackageReference "ConcentricOnboarding" */ = {
			isa = XCRemoteSwiftPackageReference;
			repositoryURL = "https://github.com/exyte/ConcentricOnboarding";
			requirement = {
				kind = upToNextMajorVersion;
				minimumVersion = 1.0.6;
			};
		};
/* End XCRemoteSwiftPackageReference section */

/* Begin XCSwiftPackageProductDependency section */
		8422411E2C44C5E900733F12 /* ConcentricOnboarding */ = {
			isa = XCSwiftPackageProductDependency;
			package = 8422411D2C44C23A00733F12 /* XCRemoteSwiftPackageReference "ConcentricOnboarding" */;
			productName = ConcentricOnboarding;
		};
/* End XCSwiftPackageProductDependency section */
	};
	rootObject = 842240E82C44C0DE00733F12 /* Project object */;
}
