// !$*UTF8*$!
{
	archiveVersion = 1;
	classes = {
	};
	objectVersion = 56;
	objects = {

/* Begin PBXBuildFile section */
		840A46F82C424EF60046AA9B /* ChartsSwiftApp.swift in Sources */ = {isa = PBXBuildFile; fileRef = 840A46F72C424EF60046AA9B /* ChartsSwiftApp.swift */; };
		840A46FA2C424EF60046AA9B /* ContentView.swift in Sources */ = {isa = PBXBuildFile; fileRef = 840A46F92C424EF60046AA9B /* ContentView.swift */; };
		840A46FC2C424F060046AA9B /* Assets.xcassets in Resources */ = {isa = PBXBuildFile; fileRef = 840A46FB2C424F060046AA9B /* Assets.xcassets */; };
		840A46FF2C424F060046AA9B /* Preview Assets.xcassets in Resources */ = {isa = PBXBuildFile; fileRef = 840A46FE2C424F060046AA9B /* Preview Assets.xcassets */; };
		840A47092C424F070046AA9B /* ChartsSwiftTests.swift in Sources */ = {isa = PBXBuildFile; fileRef = 840A47082C424F070046AA9B /* ChartsSwiftTests.swift */; };
		840A47132C424F070046AA9B /* ChartsSwiftUITests.swift in Sources */ = {isa = PBXBuildFile; fileRef = 840A47122C424F070046AA9B /* ChartsSwiftUITests.swift */; };
		840A47152C424F080046AA9B /* ChartsSwiftUITestsLaunchTests.swift in Sources */ = {isa = PBXBuildFile; fileRef = 840A47142C424F080046AA9B /* ChartsSwiftUITestsLaunchTests.swift */; };
		84F24CB32C42BCB500E17471 /* SwiftUICharts in Frameworks */ = {isa = PBXBuildFile; productRef = 84F24CB22C42BCB500E17471 /* SwiftUICharts */; };
/* End PBXBuildFile section */

/* Begin PBXContainerItemProxy section */
		840A47052C424F070046AA9B /* PBXContainerItemProxy */ = {
			isa = PBXContainerItemProxy;
			containerPortal = 840A46EC2C424EF60046AA9B /* Project object */;
			proxyType = 1;
			remoteGlobalIDString = 840A46F32C424EF60046AA9B;
			remoteInfo = ChartsSwift;
		};
		840A470F2C424F070046AA9B /* PBXContainerItemProxy */ = {
			isa = PBXContainerItemProxy;
			containerPortal = 840A46EC2C424EF60046AA9B /* Project object */;
			proxyType = 1;
			remoteGlobalIDString = 840A46F32C424EF60046AA9B;
			remoteInfo = ChartsSwift;
		};
/* End PBXContainerItemProxy section */

/* Begin PBXFileReference section */
		840A46F42C424EF60046AA9B /* ChartsSwift.app */ = {isa = PBXFileReference; explicitFileType = wrapper.application; includeInIndex = 0; path = ChartsSwift.app; sourceTree = BUILT_PRODUCTS_DIR; };
		840A46F72C424EF60046AA9B /* ChartsSwiftApp.swift */ = {isa = PBXFileReference; lastKnownFileType = sourcecode.swift; path = ChartsSwiftApp.swift; sourceTree = "<group>"; };
		840A46F92C424EF60046AA9B /* ContentView.swift */ = {isa = PBXFileReference; lastKnownFileType = sourcecode.swift; path = ContentView.swift; sourceTree = "<group>"; };
		840A46FB2C424F060046AA9B /* Assets.xcassets */ = {isa = PBXFileReference; lastKnownFileType = folder.assetcatalog; path = Assets.xcassets; sourceTree = "<group>"; };
		840A46FE2C424F060046AA9B /* Preview Assets.xcassets */ = {isa = PBXFileReference; lastKnownFileType = folder.assetcatalog; path = "Preview Assets.xcassets"; sourceTree = "<group>"; };
		840A47042C424F070046AA9B /* ChartsSwiftTests.xctest */ = {isa = PBXFileReference; explicitFileType = wrapper.cfbundle; includeInIndex = 0; path = ChartsSwiftTests.xctest; sourceTree = BUILT_PRODUCTS_DIR; };
		840A47082C424F070046AA9B /* ChartsSwiftTests.swift */ = {isa = PBXFileReference; lastKnownFileType = sourcecode.swift; path = ChartsSwiftTests.swift; sourceTree = "<group>"; };
		840A470E2C424F070046AA9B /* ChartsSwiftUITests.xctest */ = {isa = PBXFileReference; explicitFileType = wrapper.cfbundle; includeInIndex = 0; path = ChartsSwiftUITests.xctest; sourceTree = BUILT_PRODUCTS_DIR; };
		840A47122C424F070046AA9B /* ChartsSwiftUITests.swift */ = {isa = PBXFileReference; lastKnownFileType = sourcecode.swift; path = ChartsSwiftUITests.swift; sourceTree = "<group>"; };
		840A47142C424F080046AA9B /* ChartsSwiftUITestsLaunchTests.swift */ = {isa = PBXFileReference; lastKnownFileType = sourcecode.swift; path = ChartsSwiftUITestsLaunchTests.swift; sourceTree = "<group>"; };
/* End PBXFileReference section */

/* Begin PBXFrameworksBuildPhase section */
		840A46F12C424EF60046AA9B /* Frameworks */ = {
			isa = PBXFrameworksBuildPhase;
			buildActionMask = 2147483647;
			files = (
				84F24CB32C42BCB500E17471 /* SwiftUICharts in Frameworks */,
			);
			runOnlyForDeploymentPostprocessing = 0;
		};
		840A47012C424F070046AA9B /* Frameworks */ = {
			isa = PBXFrameworksBuildPhase;
			buildActionMask = 2147483647;
			files = (
			);
			runOnlyForDeploymentPostprocessing = 0;
		};
		840A470B2C424F070046AA9B /* Frameworks */ = {
			isa = PBXFrameworksBuildPhase;
			buildActionMask = 2147483647;
			files = (
			);
			runOnlyForDeploymentPostprocessing = 0;
		};
/* End PBXFrameworksBuildPhase section */

/* Begin PBXGroup section */
		840A46EB2C424EF60046AA9B = {
			isa = PBXGroup;
			children = (
				840A46F62C424EF60046AA9B /* ChartsSwift */,
				840A47072C424F070046AA9B /* ChartsSwiftTests */,
				840A47112C424F070046AA9B /* ChartsSwiftUITests */,
				840A46F52C424EF60046AA9B /* Products */,
			);
			sourceTree = "<group>";
		};
		840A46F52C424EF60046AA9B /* Products */ = {
			isa = PBXGroup;
			children = (
				840A46F42C424EF60046AA9B /* ChartsSwift.app */,
				840A47042C424F070046AA9B /* ChartsSwiftTests.xctest */,
				840A470E2C424F070046AA9B /* ChartsSwiftUITests.xctest */,
			);
			name = Products;
			sourceTree = "<group>";
		};
		840A46F62C424EF60046AA9B /* ChartsSwift */ = {
			isa = PBXGroup;
			children = (
				840A46F72C424EF60046AA9B /* ChartsSwiftApp.swift */,
				840A46F92C424EF60046AA9B /* ContentView.swift */,
				840A46FB2C424F060046AA9B /* Assets.xcassets */,
				840A46FD2C424F060046AA9B /* Preview Content */,
			);
			path = ChartsSwift;
			sourceTree = "<group>";
		};
		840A46FD2C424F060046AA9B /* Preview Content */ = {
			isa = PBXGroup;
			children = (
				840A46FE2C424F060046AA9B /* Preview Assets.xcassets */,
			);
			path = "Preview Content";
			sourceTree = "<group>";
		};
		840A47072C424F070046AA9B /* ChartsSwiftTests */ = {
			isa = PBXGroup;
			children = (
				840A47082C424F070046AA9B /* ChartsSwiftTests.swift */,
			);
			path = ChartsSwiftTests;
			sourceTree = "<group>";
		};
		840A47112C424F070046AA9B /* ChartsSwiftUITests */ = {
			isa = PBXGroup;
			children = (
				840A47122C424F070046AA9B /* ChartsSwiftUITests.swift */,
				840A47142C424F080046AA9B /* ChartsSwiftUITestsLaunchTests.swift */,
			);
			path = ChartsSwiftUITests;
			sourceTree = "<group>";
		};
/* End PBXGroup section */

/* Begin PBXNativeTarget section */
		840A46F32C424EF60046AA9B /* ChartsSwift */ = {
			isa = PBXNativeTarget;
			buildConfigurationList = 840A47182C424F080046AA9B /* Build configuration list for PBXNativeTarget "ChartsSwift" */;
			buildPhases = (
				840A46F02C424EF60046AA9B /* Sources */,
				840A46F12C424EF60046AA9B /* Frameworks */,
				840A46F22C424EF60046AA9B /* Resources */,
			);
			buildRules = (
			);
			dependencies = (
			);
			name = ChartsSwift;
			packageProductDependencies = (
				84F24CB22C42BCB500E17471 /* SwiftUICharts */,
			);
			productName = ChartsSwift;
			productReference = 840A46F42C424EF60046AA9B /* ChartsSwift.app */;
			productType = "com.apple.product-type.application";
		};
		840A47032C424F070046AA9B /* ChartsSwiftTests */ = {
			isa = PBXNativeTarget;
			buildConfigurationList = 840A471B2C424F080046AA9B /* Build configuration list for PBXNativeTarget "ChartsSwiftTests" */;
			buildPhases = (
				840A47002C424F070046AA9B /* Sources */,
				840A47012C424F070046AA9B /* Frameworks */,
				840A47022C424F070046AA9B /* Resources */,
			);
			buildRules = (
			);
			dependencies = (
				840A47062C424F070046AA9B /* PBXTargetDependency */,
			);
			name = ChartsSwiftTests;
			productName = ChartsSwiftTests;
			productReference = 840A47042C424F070046AA9B /* ChartsSwiftTests.xctest */;
			productType = "com.apple.product-type.bundle.unit-test";
		};
		840A470D2C424F070046AA9B /* ChartsSwiftUITests */ = {
			isa = PBXNativeTarget;
			buildConfigurationList = 840A471E2C424F080046AA9B /* Build configuration list for PBXNativeTarget "ChartsSwiftUITests" */;
			buildPhases = (
				840A470A2C424F070046AA9B /* Sources */,
				840A470B2C424F070046AA9B /* Frameworks */,
				840A470C2C424F070046AA9B /* Resources */,
			);
			buildRules = (
			);
			dependencies = (
				840A47102C424F070046AA9B /* PBXTargetDependency */,
			);
			name = ChartsSwiftUITests;
			productName = ChartsSwiftUITests;
			productReference = 840A470E2C424F070046AA9B /* ChartsSwiftUITests.xctest */;
			productType = "com.apple.product-type.bundle.ui-testing";
		};
/* End PBXNativeTarget section */

/* Begin PBXProject section */
		840A46EC2C424EF60046AA9B /* Project object */ = {
			isa = PBXProject;
			attributes = {
				BuildIndependentTargetsInParallel = 1;
				LastSwiftUpdateCheck = 1530;
				LastUpgradeCheck = 1530;
				TargetAttributes = {
					840A46F32C424EF60046AA9B = {
						CreatedOnToolsVersion = 15.3;
					};
					840A47032C424F070046AA9B = {
						CreatedOnToolsVersion = 15.3;
						TestTargetID = 840A46F32C424EF60046AA9B;
					};
					840A470D2C424F070046AA9B = {
						CreatedOnToolsVersion = 15.3;
						TestTargetID = 840A46F32C424EF60046AA9B;
					};
				};
			};
			buildConfigurationList = 840A46EF2C424EF60046AA9B /* Build configuration list for PBXProject "ChartsSwift" */;
			compatibilityVersion = "Xcode 14.0";
			developmentRegion = en;
			hasScannedForEncodings = 0;
			knownRegions = (
				en,
				Base,
			);
			mainGroup = 840A46EB2C424EF60046AA9B;
			packageReferences = (
				84F24CB12C42BAEC00E17471 /* XCRemoteSwiftPackageReference "ChartView" */,
			);
			productRefGroup = 840A46F52C424EF60046AA9B /* Products */;
			projectDirPath = "";
			projectRoot = "";
			targets = (
				840A46F32C424EF60046AA9B /* ChartsSwift */,
				840A47032C424F070046AA9B /* ChartsSwiftTests */,
				840A470D2C424F070046AA9B /* ChartsSwiftUITests */,
			);
		};
/* End PBXProject section */

/* Begin PBXResourcesBuildPhase section */
		840A46F22C424EF60046AA9B /* Resources */ = {
			isa = PBXResourcesBuildPhase;
			buildActionMask = 2147483647;
			files = (
				840A46FF2C424F060046AA9B /* Preview Assets.xcassets in Resources */,
				840A46FC2C424F060046AA9B /* Assets.xcassets in Resources */,
			);
			runOnlyForDeploymentPostprocessing = 0;
		};
		840A47022C424F070046AA9B /* Resources */ = {
			isa = PBXResourcesBuildPhase;
			buildActionMask = 2147483647;
			files = (
			);
			runOnlyForDeploymentPostprocessing = 0;
		};
		840A470C2C424F070046AA9B /* Resources */ = {
			isa = PBXResourcesBuildPhase;
			buildActionMask = 2147483647;
			files = (
			);
			runOnlyForDeploymentPostprocessing = 0;
		};
/* End PBXResourcesBuildPhase section */

/* Begin PBXSourcesBuildPhase section */
		840A46F02C424EF60046AA9B /* Sources */ = {
			isa = PBXSourcesBuildPhase;
			buildActionMask = 2147483647;
			files = (
				840A46FA2C424EF60046AA9B /* ContentView.swift in Sources */,
				840A46F82C424EF60046AA9B /* ChartsSwiftApp.swift in Sources */,
			);
			runOnlyForDeploymentPostprocessing = 0;
		};
		840A47002C424F070046AA9B /* Sources */ = {
			isa = PBXSourcesBuildPhase;
			buildActionMask = 2147483647;
			files = (
				840A47092C424F070046AA9B /* ChartsSwiftTests.swift in Sources */,
			);
			runOnlyForDeploymentPostprocessing = 0;
		};
		840A470A2C424F070046AA9B /* Sources */ = {
			isa = PBXSourcesBuildPhase;
			buildActionMask = 2147483647;
			files = (
				840A47132C424F070046AA9B /* ChartsSwiftUITests.swift in Sources */,
				840A47152C424F080046AA9B /* ChartsSwiftUITestsLaunchTests.swift in Sources */,
			);
			runOnlyForDeploymentPostprocessing = 0;
		};
/* End PBXSourcesBuildPhase section */

/* Begin PBXTargetDependency section */
		840A47062C424F070046AA9B /* PBXTargetDependency */ = {
			isa = PBXTargetDependency;
			target = 840A46F32C424EF60046AA9B /* ChartsSwift */;
			targetProxy = 840A47052C424F070046AA9B /* PBXContainerItemProxy */;
		};
		840A47102C424F070046AA9B /* PBXTargetDependency */ = {
			isa = PBXTargetDependency;
			target = 840A46F32C424EF60046AA9B /* ChartsSwift */;
			targetProxy = 840A470F2C424F070046AA9B /* PBXContainerItemProxy */;
		};
/* End PBXTargetDependency section */

/* Begin XCBuildConfiguration section */
		840A47162C424F080046AA9B /* Debug */ = {
			isa = XCBuildConfiguration;
			buildSettings = {
				ALWAYS_SEARCH_USER_PATHS = NO;
				ASSETCATALOG_COMPILER_GENERATE_SWIFT_ASSET_SYMBOL_EXTENSIONS = YES;
				CLANG_ANALYZER_NONNULL = YES;
				CLANG_ANALYZER_NUMBER_OBJECT_CONVERSION = YES_AGGRESSIVE;
				CLANG_CXX_LANGUAGE_STANDARD = "gnu++20";
				CLANG_ENABLE_MODULES = YES;
				CLANG_ENABLE_OBJC_ARC = YES;
				CLANG_ENABLE_OBJC_WEAK = YES;
				CLANG_WARN_BLOCK_CAPTURE_AUTORELEASING = YES;
				CLANG_WARN_BOOL_CONVERSION = YES;
				CLANG_WARN_COMMA = YES;
				CLANG_WARN_CONSTANT_CONVERSION = YES;
				CLANG_WARN_DEPRECATED_OBJC_IMPLEMENTATIONS = YES;
				CLANG_WARN_DIRECT_OBJC_ISA_USAGE = YES_ERROR;
				CLANG_WARN_DOCUMENTATION_COMMENTS = YES;
				CLANG_WARN_EMPTY_BODY = YES;
				CLANG_WARN_ENUM_CONVERSION = YES;
				CLANG_WARN_INFINITE_RECURSION = YES;
				CLANG_WARN_INT_CONVERSION = YES;
				CLANG_WARN_NON_LITERAL_NULL_CONVERSION = YES;
				CLANG_WARN_OBJC_IMPLICIT_RETAIN_SELF = YES;
				CLANG_WARN_OBJC_LITERAL_CONVERSION = YES;
				CLANG_WARN_OBJC_ROOT_CLASS = YES_ERROR;
				CLANG_WARN_QUOTED_INCLUDE_IN_FRAMEWORK_HEADER = YES;
				CLANG_WARN_RANGE_LOOP_ANALYSIS = YES;
				CLANG_WARN_STRICT_PROTOTYPES = YES;
				CLANG_WARN_SUSPICIOUS_MOVE = YES;
				CLANG_WARN_UNGUARDED_AVAILABILITY = YES_AGGRESSIVE;
				CLANG_WARN_UNREACHABLE_CODE = YES;
				CLANG_WARN__DUPLICATE_METHOD_MATCH = YES;
				COPY_PHASE_STRIP = NO;
				DEBUG_INFORMATION_FORMAT = dwarf;
				ENABLE_STRICT_OBJC_MSGSEND = YES;
				ENABLE_TESTABILITY = YES;
				ENABLE_USER_SCRIPT_SANDBOXING = YES;
				GCC_C_LANGUAGE_STANDARD = gnu17;
				GCC_DYNAMIC_NO_PIC = NO;
				GCC_NO_COMMON_BLOCKS = YES;
				GCC_OPTIMIZATION_LEVEL = 0;
				GCC_PREPROCESSOR_DEFINITIONS = (
					"DEBUG=1",
					"$(inherited)",
				);
				GCC_WARN_64_TO_32_BIT_CONVERSION = YES;
				GCC_WARN_ABOUT_RETURN_TYPE = YES_ERROR;
				GCC_WARN_UNDECLARED_SELECTOR = YES;
				GCC_WARN_UNINITIALIZED_AUTOS = YES_AGGRESSIVE;
				GCC_WARN_UNUSED_FUNCTION = YES;
				GCC_WARN_UNUSED_VARIABLE = YES;
				IPHONEOS_DEPLOYMENT_TARGET = 17.4;
				LOCALIZATION_PREFERS_STRING_CATALOGS = YES;
				MTL_ENABLE_DEBUG_INFO = INCLUDE_SOURCE;
				MTL_FAST_MATH = YES;
				ONLY_ACTIVE_ARCH = YES;
				SDKROOT = iphoneos;
				SWIFT_ACTIVE_COMPILATION_CONDITIONS = "DEBUG $(inherited)";
				SWIFT_OPTIMIZATION_LEVEL = "-Onone";
			};
			name = Debug;
		};
		840A47172C424F080046AA9B /* Release */ = {
			isa = XCBuildConfiguration;
			buildSettings = {
				ALWAYS_SEARCH_USER_PATHS = NO;
				ASSETCATALOG_COMPILER_GENERATE_SWIFT_ASSET_SYMBOL_EXTENSIONS = YES;
				CLANG_ANALYZER_NONNULL = YES;
				CLANG_ANALYZER_NUMBER_OBJECT_CONVERSION = YES_AGGRESSIVE;
				CLANG_CXX_LANGUAGE_STANDARD = "gnu++20";
				CLANG_ENABLE_MODULES = YES;
				CLANG_ENABLE_OBJC_ARC = YES;
				CLANG_ENABLE_OBJC_WEAK = YES;
				CLANG_WARN_BLOCK_CAPTURE_AUTORELEASING = YES;
				CLANG_WARN_BOOL_CONVERSION = YES;
				CLANG_WARN_COMMA = YES;
				CLANG_WARN_CONSTANT_CONVERSION = YES;
				CLANG_WARN_DEPRECATED_OBJC_IMPLEMENTATIONS = YES;
				CLANG_WARN_DIRECT_OBJC_ISA_USAGE = YES_ERROR;
				CLANG_WARN_DOCUMENTATION_COMMENTS = YES;
				CLANG_WARN_EMPTY_BODY = YES;
				CLANG_WARN_ENUM_CONVERSION = YES;
				CLANG_WARN_INFINITE_RECURSION = YES;
				CLANG_WARN_INT_CONVERSION = YES;
				CLANG_WARN_NON_LITERAL_NULL_CONVERSION = YES;
				CLANG_WARN_OBJC_IMPLICIT_RETAIN_SELF = YES;
				CLANG_WARN_OBJC_LITERAL_CONVERSION = YES;
				CLANG_WARN_OBJC_ROOT_CLASS = YES_ERROR;
				CLANG_WARN_QUOTED_INCLUDE_IN_FRAMEWORK_HEADER = YES;
				CLANG_WARN_RANGE_LOOP_ANALYSIS = YES;
				CLANG_WARN_STRICT_PROTOTYPES = YES;
				CLANG_WARN_SUSPICIOUS_MOVE = YES;
				CLANG_WARN_UNGUARDED_AVAILABILITY = YES_AGGRESSIVE;
				CLANG_WARN_UNREACHABLE_CODE = YES;
				CLANG_WARN__DUPLICATE_METHOD_MATCH = YES;
				COPY_PHASE_STRIP = NO;
				DEBUG_INFORMATION_FORMAT = "dwarf-with-dsym";
				ENABLE_NS_ASSERTIONS = NO;
				ENABLE_STRICT_OBJC_MSGSEND = YES;
				ENABLE_USER_SCRIPT_SANDBOXING = YES;
				GCC_C_LANGUAGE_STANDARD = gnu17;
				GCC_NO_COMMON_BLOCKS = YES;
				GCC_WARN_64_TO_32_BIT_CONVERSION = YES;
				GCC_WARN_ABOUT_RETURN_TYPE = YES_ERROR;
				GCC_WARN_UNDECLARED_SELECTOR = YES;
				GCC_WARN_UNINITIALIZED_AUTOS = YES_AGGRESSIVE;
				GCC_WARN_UNUSED_FUNCTION = YES;
				GCC_WARN_UNUSED_VARIABLE = YES;
				IPHONEOS_DEPLOYMENT_TARGET = 17.4;
				LOCALIZATION_PREFERS_STRING_CATALOGS = YES;
				MTL_ENABLE_DEBUG_INFO = NO;
				MTL_FAST_MATH = YES;
				SDKROOT = iphoneos;
				SWIFT_COMPILATION_MODE = wholemodule;
				VALIDATE_PRODUCT = YES;
			};
			name = Release;
		};
		840A47192C424F080046AA9B /* Debug */ = {
			isa = XCBuildConfiguration;
			buildSettings = {
				ASSETCATALOG_COMPILER_APPICON_NAME = AppIcon;
				ASSETCATALOG_COMPILER_GLOBAL_ACCENT_COLOR_NAME = AccentColor;
				CODE_SIGN_STYLE = Automatic;
				CURRENT_PROJECT_VERSION = 1;
				DEVELOPMENT_ASSET_PATHS = "\"ChartsSwift/Preview Content\"";
				ENABLE_PREVIEWS = YES;
				GENERATE_INFOPLIST_FILE = YES;
				INFOPLIST_KEY_UIApplicationSceneManifest_Generation = YES;
				INFOPLIST_KEY_UIApplicationSupportsIndirectInputEvents = YES;
				INFOPLIST_KEY_UILaunchScreen_Generation = YES;
				INFOPLIST_KEY_UISupportedInterfaceOrientations_iPad = "UIInterfaceOrientationPortrait UIInterfaceOrientationPortraitUpsideDown UIInterfaceOrientationLandscapeLeft UIInterfaceOrientationLandscapeRight";
				INFOPLIST_KEY_UISupportedInterfaceOrientations_iPhone = "UIInterfaceOrientationPortrait UIInterfaceOrientationLandscapeLeft UIInterfaceOrientationLandscapeRight";
				LD_RUNPATH_SEARCH_PATHS = (
					"$(inherited)",
					"@executable_path/Frameworks",
				);
				MARKETING_VERSION = 1.0;
				PRODUCT_BUNDLE_IDENTIFIER = hello.ChartsSwift;
				PRODUCT_NAME = "$(TARGET_NAME)";
				SWIFT_EMIT_LOC_STRINGS = YES;
				SWIFT_VERSION = 5.0;
				TARGETED_DEVICE_FAMILY = "1,2";
			};
			name = Debug;
		};
		840A471A2C424F080046AA9B /* Release */ = {
			isa = XCBuildConfiguration;
			buildSettings = {
				ASSETCATALOG_COMPILER_APPICON_NAME = AppIcon;
				ASSETCATALOG_COMPILER_GLOBAL_ACCENT_COLOR_NAME = AccentColor;
				CODE_SIGN_STYLE = Automatic;
				CURRENT_PROJECT_VERSION = 1;
				DEVELOPMENT_ASSET_PATHS = "\"ChartsSwift/Preview Content\"";
				ENABLE_PREVIEWS = YES;
				GENERATE_INFOPLIST_FILE = YES;
				INFOPLIST_KEY_UIApplicationSceneManifest_Generation = YES;
				INFOPLIST_KEY_UIApplicationSupportsIndirectInputEvents = YES;
				INFOPLIST_KEY_UILaunchScreen_Generation = YES;
				INFOPLIST_KEY_UISupportedInterfaceOrientations_iPad = "UIInterfaceOrientationPortrait UIInterfaceOrientationPortraitUpsideDown UIInterfaceOrientationLandscapeLeft UIInterfaceOrientationLandscapeRight";
				INFOPLIST_KEY_UISupportedInterfaceOrientations_iPhone = "UIInterfaceOrientationPortrait UIInterfaceOrientationLandscapeLeft UIInterfaceOrientationLandscapeRight";
				LD_RUNPATH_SEARCH_PATHS = (
					"$(inherited)",
					"@executable_path/Frameworks",
				);
				MARKETING_VERSION = 1.0;
				PRODUCT_BUNDLE_IDENTIFIER = hello.ChartsSwift;
				PRODUCT_NAME = "$(TARGET_NAME)";
				SWIFT_EMIT_LOC_STRINGS = YES;
				SWIFT_VERSION = 5.0;
				TARGETED_DEVICE_FAMILY = "1,2";
			};
			name = Release;
		};
		840A471C2C424F080046AA9B /* Debug */ = {
			isa = XCBuildConfiguration;
			buildSettings = {
				ALWAYS_EMBED_SWIFT_STANDARD_LIBRARIES = YES;
				BUNDLE_LOADER = "$(TEST_HOST)";
				CODE_SIGN_STYLE = Automatic;
				CURRENT_PROJECT_VERSION = 1;
				GENERATE_INFOPLIST_FILE = YES;
				IPHONEOS_DEPLOYMENT_TARGET = 17.4;
				MARKETING_VERSION = 1.0;
				PRODUCT_BUNDLE_IDENTIFIER = hello.ChartsSwiftTests;
				PRODUCT_NAME = "$(TARGET_NAME)";
				SWIFT_EMIT_LOC_STRINGS = NO;
				SWIFT_VERSION = 5.0;
				TARGETED_DEVICE_FAMILY = "1,2";
				TEST_HOST = "$(BUILT_PRODUCTS_DIR)/ChartsSwift.app/$(BUNDLE_EXECUTABLE_FOLDER_PATH)/ChartsSwift";
			};
			name = Debug;
		};
		840A471D2C424F080046AA9B /* Release */ = {
			isa = XCBuildConfiguration;
			buildSettings = {
				ALWAYS_EMBED_SWIFT_STANDARD_LIBRARIES = YES;
				BUNDLE_LOADER = "$(TEST_HOST)";
				CODE_SIGN_STYLE = Automatic;
				CURRENT_PROJECT_VERSION = 1;
				GENERATE_INFOPLIST_FILE = YES;
				IPHONEOS_DEPLOYMENT_TARGET = 17.4;
				MARKETING_VERSION = 1.0;
				PRODUCT_BUNDLE_IDENTIFIER = hello.ChartsSwiftTests;
				PRODUCT_NAME = "$(TARGET_NAME)";
				SWIFT_EMIT_LOC_STRINGS = NO;
				SWIFT_VERSION = 5.0;
				TARGETED_DEVICE_FAMILY = "1,2";
				TEST_HOST = "$(BUILT_PRODUCTS_DIR)/ChartsSwift.app/$(BUNDLE_EXECUTABLE_FOLDER_PATH)/ChartsSwift";
			};
			name = Release;
		};
		840A471F2C424F080046AA9B /* Debug */ = {
			isa = XCBuildConfiguration;
			buildSettings = {
				ALWAYS_EMBED_SWIFT_STANDARD_LIBRARIES = YES;
				CODE_SIGN_STYLE = Automatic;
				CURRENT_PROJECT_VERSION = 1;
				GENERATE_INFOPLIST_FILE = YES;
				MARKETING_VERSION = 1.0;
				PRODUCT_BUNDLE_IDENTIFIER = hello.ChartsSwiftUITests;
				PRODUCT_NAME = "$(TARGET_NAME)";
				SWIFT_EMIT_LOC_STRINGS = NO;
				SWIFT_VERSION = 5.0;
				TARGETED_DEVICE_FAMILY = "1,2";
				TEST_TARGET_NAME = ChartsSwift;
			};
			name = Debug;
		};
		840A47202C424F080046AA9B /* Release */ = {
			isa = XCBuildConfiguration;
			buildSettings = {
				ALWAYS_EMBED_SWIFT_STANDARD_LIBRARIES = YES;
				CODE_SIGN_STYLE = Automatic;
				CURRENT_PROJECT_VERSION = 1;
				GENERATE_INFOPLIST_FILE = YES;
				MARKETING_VERSION = 1.0;
				PRODUCT_BUNDLE_IDENTIFIER = hello.ChartsSwiftUITests;
				PRODUCT_NAME = "$(TARGET_NAME)";
				SWIFT_EMIT_LOC_STRINGS = NO;
				SWIFT_VERSION = 5.0;
				TARGETED_DEVICE_FAMILY = "1,2";
				TEST_TARGET_NAME = ChartsSwift;
			};
			name = Release;
		};
/* End XCBuildConfiguration section */

/* Begin XCConfigurationList section */
		840A46EF2C424EF60046AA9B /* Build configuration list for PBXProject "ChartsSwift" */ = {
			isa = XCConfigurationList;
			buildConfigurations = (
				840A47162C424F080046AA9B /* Debug */,
				840A47172C424F080046AA9B /* Release */,
			);
			defaultConfigurationIsVisible = 0;
			defaultConfigurationName = Release;
		};
		840A47182C424F080046AA9B /* Build configuration list for PBXNativeTarget "ChartsSwift" */ = {
			isa = XCConfigurationList;
			buildConfigurations = (
				840A47192C424F080046AA9B /* Debug */,
				840A471A2C424F080046AA9B /* Release */,
			);
			defaultConfigurationIsVisible = 0;
			defaultConfigurationName = Release;
		};
		840A471B2C424F080046AA9B /* Build configuration list for PBXNativeTarget "ChartsSwiftTests" */ = {
			isa = XCConfigurationList;
			buildConfigurations = (
				840A471C2C424F080046AA9B /* Debug */,
				840A471D2C424F080046AA9B /* Release */,
			);
			defaultConfigurationIsVisible = 0;
			defaultConfigurationName = Release;
		};
		840A471E2C424F080046AA9B /* Build configuration list for PBXNativeTarget "ChartsSwiftUITests" */ = {
			isa = XCConfigurationList;
			buildConfigurations = (
				840A471F2C424F080046AA9B /* Debug */,
				840A47202C424F080046AA9B /* Release */,
			);
			defaultConfigurationIsVisible = 0;
			defaultConfigurationName = Release;
		};
/* End XCConfigurationList section */

/* Begin XCRemoteSwiftPackageReference section */
		84F24CB12C42BAEC00E17471 /* XCRemoteSwiftPackageReference "ChartView" */ = {
			isa = XCRemoteSwiftPackageReference;
			repositoryURL = "https://github.com/AppPear/ChartView";
			requirement = {
				kind = upToNextMajorVersion;
				minimumVersion = 1.5.5;
			};
		};
/* End XCRemoteSwiftPackageReference section */

/* Begin XCSwiftPackageProductDependency section */
		84F24CB22C42BCB500E17471 /* SwiftUICharts */ = {
			isa = XCSwiftPackageProductDependency;
			package = 84F24CB12C42BAEC00E17471 /* XCRemoteSwiftPackageReference "ChartView" */;
			productName = SwiftUICharts;
		};
/* End XCSwiftPackageProductDependency section */
	};
	rootObject = 840A46EC2C424EF60046AA9B /* Project object */;
}
