// !$*UTF8*$!
{
	archiveVersion = 1;
	classes = {
	};
	objectVersion = 56;
	objects = {

/* Begin PBXBuildFile section */
		84139C4F2C5F900900802502 /* Assets.xcassets in Resources */ = {isa = PBXBuildFile; fileRef = 84139C4E2C5F900900802502 /* Assets.xcassets */; };
		84139C522C5FA5CB00802502 /* Color.swift in Sources */ = {isa = PBXBuildFile; fileRef = 84139C512C5FA5CB00802502 /* Color.swift */; };
		84139C5B2C5FA9E100802502 /* HomeView.swift in Sources */ = {isa = PBXBuildFile; fileRef = 84139C5A2C5FA9E100802502 /* HomeView.swift */; };
		84139C5F2C5FAE3800802502 /* CircleButtonView.swift in Sources */ = {isa = PBXBuildFile; fileRef = 84139C5E2C5FAE3800802502 /* CircleButtonView.swift */; };
		8446F0082C5FC4F300F04A5A /* CircleButtonAnimationView.swift in Sources */ = {isa = PBXBuildFile; fileRef = 8446F0072C5FC4F200F04A5A /* CircleButtonAnimationView.swift */; };
		8465816B2C6321C200FABDF8 /* CoinModel.swift in Sources */ = {isa = PBXBuildFile; fileRef = 8465816A2C6321C200FABDF8 /* CoinModel.swift */; };
		84D641102C5F816B00079BF7 /* CryptoNestApp.swift in Sources */ = {isa = PBXBuildFile; fileRef = 84D6410F2C5F816B00079BF7 /* CryptoNestApp.swift */; };
		84D641122C5F816B00079BF7 /* ContentView.swift in Sources */ = {isa = PBXBuildFile; fileRef = 84D641112C5F816B00079BF7 /* ContentView.swift */; };
		84D641172C5F817100079BF7 /* Preview Assets.xcassets in Resources */ = {isa = PBXBuildFile; fileRef = 84D641162C5F817100079BF7 /* Preview Assets.xcassets */; };
/* End PBXBuildFile section */

/* Begin PBXFileReference section */
		84139C4E2C5F900900802502 /* Assets.xcassets */ = {isa = PBXFileReference; lastKnownFileType = folder.assetcatalog; path = Assets.xcassets; sourceTree = "<group>"; };
		84139C512C5FA5CB00802502 /* Color.swift */ = {isa = PBXFileReference; lastKnownFileType = sourcecode.swift; path = Color.swift; sourceTree = "<group>"; };
		84139C5A2C5FA9E100802502 /* HomeView.swift */ = {isa = PBXFileReference; lastKnownFileType = sourcecode.swift; path = HomeView.swift; sourceTree = "<group>"; };
		84139C5E2C5FAE3800802502 /* CircleButtonView.swift */ = {isa = PBXFileReference; lastKnownFileType = sourcecode.swift; path = CircleButtonView.swift; sourceTree = "<group>"; };
		8446F0072C5FC4F200F04A5A /* CircleButtonAnimationView.swift */ = {isa = PBXFileReference; lastKnownFileType = sourcecode.swift; path = CircleButtonAnimationView.swift; sourceTree = "<group>"; };
		8465816A2C6321C200FABDF8 /* CoinModel.swift */ = {isa = PBXFileReference; lastKnownFileType = sourcecode.swift; path = CoinModel.swift; sourceTree = "<group>"; };
		84D6410C2C5F816B00079BF7 /* CryptoNest.app */ = {isa = PBXFileReference; explicitFileType = wrapper.application; includeInIndex = 0; path = CryptoNest.app; sourceTree = BUILT_PRODUCTS_DIR; };
		84D6410F2C5F816B00079BF7 /* CryptoNestApp.swift */ = {isa = PBXFileReference; lastKnownFileType = sourcecode.swift; path = CryptoNestApp.swift; sourceTree = "<group>"; };
		84D641112C5F816B00079BF7 /* ContentView.swift */ = {isa = PBXFileReference; lastKnownFileType = sourcecode.swift; path = ContentView.swift; sourceTree = "<group>"; };
		84D641162C5F817100079BF7 /* Preview Assets.xcassets */ = {isa = PBXFileReference; lastKnownFileType = folder.assetcatalog; path = "Preview Assets.xcassets"; sourceTree = "<group>"; };
/* End PBXFileReference section */

/* Begin PBXFrameworksBuildPhase section */
		84D641092C5F816B00079BF7 /* Frameworks */ = {
			isa = PBXFrameworksBuildPhase;
			buildActionMask = 2147483647;
			files = (
			);
			runOnlyForDeploymentPostprocessing = 0;
		};
/* End PBXFrameworksBuildPhase section */

/* Begin PBXGroup section */
		84139C502C5FA4D800802502 /* Extension */ = {
			isa = PBXGroup;
			children = (
				84139C512C5FA5CB00802502 /* Color.swift */,
			);
			path = Extension;
			sourceTree = "<group>";
		};
		84139C542C5FA95400802502 /* Core */ = {
			isa = PBXGroup;
			children = (
				84139C5C2C5FADE300802502 /* Components */,
				84139C552C5FA96100802502 /* Home */,
			);
			path = Core;
			sourceTree = "<group>";
		};
		84139C552C5FA96100802502 /* Home */ = {
			isa = PBXGroup;
			children = (
				84139C572C5FA97C00802502 /* ViewModels */,
				84139C562C5FA96B00802502 /* View */,
			);
			path = Home;
			sourceTree = "<group>";
		};
		84139C562C5FA96B00802502 /* View */ = {
			isa = PBXGroup;
			children = (
				84139C5A2C5FA9E100802502 /* HomeView.swift */,
			);
			path = View;
			sourceTree = "<group>";
		};
		84139C572C5FA97C00802502 /* ViewModels */ = {
			isa = PBXGroup;
			children = (
			);
			path = ViewModels;
			sourceTree = "<group>";
		};
		84139C5C2C5FADE300802502 /* Components */ = {
			isa = PBXGroup;
			children = (
				84139C5D2C5FAE0200802502 /* CircleButton */,
			);
			path = Components;
			sourceTree = "<group>";
		};
		84139C5D2C5FAE0200802502 /* CircleButton */ = {
			isa = PBXGroup;
			children = (
				84139C5E2C5FAE3800802502 /* CircleButtonView.swift */,
				8446F0072C5FC4F200F04A5A /* CircleButtonAnimationView.swift */,
			);
			path = CircleButton;
			sourceTree = "<group>";
		};
		846581692C63219400FABDF8 /* Models */ = {
			isa = PBXGroup;
			children = (
				8465816A2C6321C200FABDF8 /* CoinModel.swift */,
			);
			path = Models;
			sourceTree = "<group>";
		};
		84D641032C5F816B00079BF7 = {
			isa = PBXGroup;
			children = (
				84D6410E2C5F816B00079BF7 /* CryptoNest */,
				84D6410D2C5F816B00079BF7 /* Products */,
			);
			sourceTree = "<group>";
		};
		84D6410D2C5F816B00079BF7 /* Products */ = {
			isa = PBXGroup;
			children = (
				84D6410C2C5F816B00079BF7 /* CryptoNest.app */,
			);
			name = Products;
			sourceTree = "<group>";
		};
		84D6410E2C5F816B00079BF7 /* CryptoNest */ = {
			isa = PBXGroup;
			children = (
				846581692C63219400FABDF8 /* Models */,
				84139C542C5FA95400802502 /* Core */,
				84139C502C5FA4D800802502 /* Extension */,
				84139C4E2C5F900900802502 /* Assets.xcassets */,
				84D6410F2C5F816B00079BF7 /* CryptoNestApp.swift */,
				84D641112C5F816B00079BF7 /* ContentView.swift */,
				84D641152C5F817100079BF7 /* Preview Content */,
			);
			path = CryptoNest;
			sourceTree = "<group>";
		};
		84D641152C5F817100079BF7 /* Preview Content */ = {
			isa = PBXGroup;
			children = (
				84D641162C5F817100079BF7 /* Preview Assets.xcassets */,
			);
			path = "Preview Content";
			sourceTree = "<group>";
		};
/* End PBXGroup section */

/* Begin PBXNativeTarget section */
		84D6410B2C5F816B00079BF7 /* CryptoNest */ = {
			isa = PBXNativeTarget;
			buildConfigurationList = 84D6411A2C5F817100079BF7 /* Build configuration list for PBXNativeTarget "CryptoNest" */;
			buildPhases = (
				84D641082C5F816B00079BF7 /* Sources */,
				84D641092C5F816B00079BF7 /* Frameworks */,
				84D6410A2C5F816B00079BF7 /* Resources */,
			);
			buildRules = (
			);
			dependencies = (
			);
			name = CryptoNest;
			productName = CryptoNest;
			productReference = 84D6410C2C5F816B00079BF7 /* CryptoNest.app */;
			productType = "com.apple.product-type.application";
		};
/* End PBXNativeTarget section */

/* Begin PBXProject section */
		84D641042C5F816B00079BF7 /* Project object */ = {
			isa = PBXProject;
			attributes = {
				BuildIndependentTargetsInParallel = 1;
				LastSwiftUpdateCheck = 1530;
				LastUpgradeCheck = 1530;
				TargetAttributes = {
					84D6410B2C5F816B00079BF7 = {
						CreatedOnToolsVersion = 15.3;
					};
				};
			};
			buildConfigurationList = 84D641072C5F816B00079BF7 /* Build configuration list for PBXProject "CryptoNest" */;
			compatibilityVersion = "Xcode 14.0";
			developmentRegion = en;
			hasScannedForEncodings = 0;
			knownRegions = (
				en,
				Base,
			);
			mainGroup = 84D641032C5F816B00079BF7;
			productRefGroup = 84D6410D2C5F816B00079BF7 /* Products */;
			projectDirPath = "";
			projectRoot = "";
			targets = (
				84D6410B2C5F816B00079BF7 /* CryptoNest */,
			);
		};
/* End PBXProject section */

/* Begin PBXResourcesBuildPhase section */
		84D6410A2C5F816B00079BF7 /* Resources */ = {
			isa = PBXResourcesBuildPhase;
			buildActionMask = 2147483647;
			files = (
				84139C4F2C5F900900802502 /* Assets.xcassets in Resources */,
				84D641172C5F817100079BF7 /* Preview Assets.xcassets in Resources */,
			);
			runOnlyForDeploymentPostprocessing = 0;
		};
/* End PBXResourcesBuildPhase section */

/* Begin PBXSourcesBuildPhase section */
		84D641082C5F816B00079BF7 /* Sources */ = {
			isa = PBXSourcesBuildPhase;
			buildActionMask = 2147483647;
			files = (
				84D641122C5F816B00079BF7 /* ContentView.swift in Sources */,
				84139C5B2C5FA9E100802502 /* HomeView.swift in Sources */,
				84D641102C5F816B00079BF7 /* CryptoNestApp.swift in Sources */,
				84139C5F2C5FAE3800802502 /* CircleButtonView.swift in Sources */,
				84139C522C5FA5CB00802502 /* Color.swift in Sources */,
				8446F0082C5FC4F300F04A5A /* CircleButtonAnimationView.swift in Sources */,
				8465816B2C6321C200FABDF8 /* CoinModel.swift in Sources */,
			);
			runOnlyForDeploymentPostprocessing = 0;
		};
/* End PBXSourcesBuildPhase section */

/* Begin XCBuildConfiguration section */
		84D641182C5F817100079BF7 /* Debug */ = {
			isa = XCBuildConfiguration;
			buildSettings = {
				ALWAYS_SEARCH_USER_PATHS = NO;
				ASSETCATALOG_COMPILER_GENERATE_SWIFT_ASSET_SYMBOL_EXTENSIONS = YES;
				CLANG_ANALYZER_NONNULL = YES;
				CLANG_ANALYZER_NUMBER_OBJECT_CONVERSION = YES_AGGRESSIVE;
				CLANG_CXX_LANGUAGE_STANDARD = "gnu++20";
				CLANG_ENABLE_MODULES = YES;
				CLANG_ENABLE_OBJC_ARC = YES;
				CLANG_ENABLE_OBJC_WEAK = YES;
				CLANG_WARN_BLOCK_CAPTURE_AUTORELEASING = YES;
				CLANG_WARN_BOOL_CONVERSION = YES;
				CLANG_WARN_COMMA = YES;
				CLANG_WARN_CONSTANT_CONVERSION = YES;
				CLANG_WARN_DEPRECATED_OBJC_IMPLEMENTATIONS = YES;
				CLANG_WARN_DIRECT_OBJC_ISA_USAGE = YES_ERROR;
				CLANG_WARN_DOCUMENTATION_COMMENTS = YES;
				CLANG_WARN_EMPTY_BODY = YES;
				CLANG_WARN_ENUM_CONVERSION = YES;
				CLANG_WARN_INFINITE_RECURSION = YES;
				CLANG_WARN_INT_CONVERSION = YES;
				CLANG_WARN_NON_LITERAL_NULL_CONVERSION = YES;
				CLANG_WARN_OBJC_IMPLICIT_RETAIN_SELF = YES;
				CLANG_WARN_OBJC_LITERAL_CONVERSION = YES;
				CLANG_WARN_OBJC_ROOT_CLASS = YES_ERROR;
				CLANG_WARN_QUOTED_INCLUDE_IN_FRAMEWORK_HEADER = YES;
				CLANG_WARN_RANGE_LOOP_ANALYSIS = YES;
				CLANG_WARN_STRICT_PROTOTYPES = YES;
				CLANG_WARN_SUSPICIOUS_MOVE = YES;
				CLANG_WARN_UNGUARDED_AVAILABILITY = YES_AGGRESSIVE;
				CLANG_WARN_UNREACHABLE_CODE = YES;
				CLANG_WARN__DUPLICATE_METHOD_MATCH = YES;
				COPY_PHASE_STRIP = NO;
				DEBUG_INFORMATION_FORMAT = dwarf;
				ENABLE_STRICT_OBJC_MSGSEND = YES;
				ENABLE_TESTABILITY = YES;
				ENABLE_USER_SCRIPT_SANDBOXING = YES;
				GCC_C_LANGUAGE_STANDARD = gnu17;
				GCC_DYNAMIC_NO_PIC = NO;
				GCC_NO_COMMON_BLOCKS = YES;
				GCC_OPTIMIZATION_LEVEL = 0;
				GCC_PREPROCESSOR_DEFINITIONS = (
					"DEBUG=1",
					"$(inherited)",
				);
				GCC_WARN_64_TO_32_BIT_CONVERSION = YES;
				GCC_WARN_ABOUT_RETURN_TYPE = YES_ERROR;
				GCC_WARN_UNDECLARED_SELECTOR = YES;
				GCC_WARN_UNINITIALIZED_AUTOS = YES_AGGRESSIVE;
				GCC_WARN_UNUSED_FUNCTION = YES;
				GCC_WARN_UNUSED_VARIABLE = YES;
				IPHONEOS_DEPLOYMENT_TARGET = 17.4;
				LOCALIZATION_PREFERS_STRING_CATALOGS = YES;
				MTL_ENABLE_DEBUG_INFO = INCLUDE_SOURCE;
				MTL_FAST_MATH = YES;
				ONLY_ACTIVE_ARCH = YES;
				SDKROOT = iphoneos;
				SWIFT_ACTIVE_COMPILATION_CONDITIONS = "DEBUG $(inherited)";
				SWIFT_OPTIMIZATION_LEVEL = "-Onone";
			};
			name = Debug;
		};
		84D641192C5F817100079BF7 /* Release */ = {
			isa = XCBuildConfiguration;
			buildSettings = {
				ALWAYS_SEARCH_USER_PATHS = NO;
				ASSETCATALOG_COMPILER_GENERATE_SWIFT_ASSET_SYMBOL_EXTENSIONS = YES;
				CLANG_ANALYZER_NONNULL = YES;
				CLANG_ANALYZER_NUMBER_OBJECT_CONVERSION = YES_AGGRESSIVE;
				CLANG_CXX_LANGUAGE_STANDARD = "gnu++20";
				CLANG_ENABLE_MODULES = YES;
				CLANG_ENABLE_OBJC_ARC = YES;
				CLANG_ENABLE_OBJC_WEAK = YES;
				CLANG_WARN_BLOCK_CAPTURE_AUTORELEASING = YES;
				CLANG_WARN_BOOL_CONVERSION = YES;
				CLANG_WARN_COMMA = YES;
				CLANG_WARN_CONSTANT_CONVERSION = YES;
				CLANG_WARN_DEPRECATED_OBJC_IMPLEMENTATIONS = YES;
				CLANG_WARN_DIRECT_OBJC_ISA_USAGE = YES_ERROR;
				CLANG_WARN_DOCUMENTATION_COMMENTS = YES;
				CLANG_WARN_EMPTY_BODY = YES;
				CLANG_WARN_ENUM_CONVERSION = YES;
				CLANG_WARN_INFINITE_RECURSION = YES;
				CLANG_WARN_INT_CONVERSION = YES;
				CLANG_WARN_NON_LITERAL_NULL_CONVERSION = YES;
				CLANG_WARN_OBJC_IMPLICIT_RETAIN_SELF = YES;
				CLANG_WARN_OBJC_LITERAL_CONVERSION = YES;
				CLANG_WARN_OBJC_ROOT_CLASS = YES_ERROR;
				CLANG_WARN_QUOTED_INCLUDE_IN_FRAMEWORK_HEADER = YES;
				CLANG_WARN_RANGE_LOOP_ANALYSIS = YES;
				CLANG_WARN_STRICT_PROTOTYPES = YES;
				CLANG_WARN_SUSPICIOUS_MOVE = YES;
				CLANG_WARN_UNGUARDED_AVAILABILITY = YES_AGGRESSIVE;
				CLANG_WARN_UNREACHABLE_CODE = YES;
				CLANG_WARN__DUPLICATE_METHOD_MATCH = YES;
				COPY_PHASE_STRIP = NO;
				DEBUG_INFORMATION_FORMAT = "dwarf-with-dsym";
				ENABLE_NS_ASSERTIONS = NO;
				ENABLE_STRICT_OBJC_MSGSEND = YES;
				ENABLE_USER_SCRIPT_SANDBOXING = YES;
				GCC_C_LANGUAGE_STANDARD = gnu17;
				GCC_NO_COMMON_BLOCKS = YES;
				GCC_WARN_64_TO_32_BIT_CONVERSION = YES;
				GCC_WARN_ABOUT_RETURN_TYPE = YES_ERROR;
				GCC_WARN_UNDECLARED_SELECTOR = YES;
				GCC_WARN_UNINITIALIZED_AUTOS = YES_AGGRESSIVE;
				GCC_WARN_UNUSED_FUNCTION = YES;
				GCC_WARN_UNUSED_VARIABLE = YES;
				IPHONEOS_DEPLOYMENT_TARGET = 17.4;
				LOCALIZATION_PREFERS_STRING_CATALOGS = YES;
				MTL_ENABLE_DEBUG_INFO = NO;
				MTL_FAST_MATH = YES;
				SDKROOT = iphoneos;
				SWIFT_COMPILATION_MODE = wholemodule;
				VALIDATE_PRODUCT = YES;
			};
			name = Release;
		};
		84D6411B2C5F817100079BF7 /* Debug */ = {
			isa = XCBuildConfiguration;
			buildSettings = {
				ASSETCATALOG_COMPILER_APPICON_NAME = AppIcon;
				ASSETCATALOG_COMPILER_GLOBAL_ACCENT_COLOR_NAME = AccentColor;
				CODE_SIGN_STYLE = Automatic;
				CURRENT_PROJECT_VERSION = 1;
				DEVELOPMENT_ASSET_PATHS = "\"CryptoNest/Preview Content\"";
				DEVELOPMENT_TEAM = QK2CD38CRT;
				ENABLE_PREVIEWS = YES;
				GENERATE_INFOPLIST_FILE = YES;
				INFOPLIST_KEY_CFBundleDisplayName = CryptoNest;
				INFOPLIST_KEY_UIApplicationSceneManifest_Generation = YES;
				INFOPLIST_KEY_UIApplicationSupportsIndirectInputEvents = YES;
				INFOPLIST_KEY_UILaunchScreen_Generation = YES;
				INFOPLIST_KEY_UISupportedInterfaceOrientations = UIInterfaceOrientationPortrait;
				LD_RUNPATH_SEARCH_PATHS = (
					"$(inherited)",
					"@executable_path/Frameworks",
				);
				MARKETING_VERSION = 1.0;
				PRODUCT_BUNDLE_IDENTIFIER = hello.CryptoNest;
				PRODUCT_NAME = "$(TARGET_NAME)";
				SWIFT_EMIT_LOC_STRINGS = YES;
				SWIFT_VERSION = 5.0;
				TARGETED_DEVICE_FAMILY = "1,2";
			};
			name = Debug;
		};
		84D6411C2C5F817100079BF7 /* Release */ = {
			isa = XCBuildConfiguration;
			buildSettings = {
				ASSETCATALOG_COMPILER_APPICON_NAME = AppIcon;
				ASSETCATALOG_COMPILER_GLOBAL_ACCENT_COLOR_NAME = AccentColor;
				CODE_SIGN_STYLE = Automatic;
				CURRENT_PROJECT_VERSION = 1;
				DEVELOPMENT_ASSET_PATHS = "\"CryptoNest/Preview Content\"";
				DEVELOPMENT_TEAM = QK2CD38CRT;
				ENABLE_PREVIEWS = YES;
				GENERATE_INFOPLIST_FILE = YES;
				INFOPLIST_KEY_CFBundleDisplayName = CryptoNest;
				INFOPLIST_KEY_UIApplicationSceneManifest_Generation = YES;
				INFOPLIST_KEY_UIApplicationSupportsIndirectInputEvents = YES;
				INFOPLIST_KEY_UILaunchScreen_Generation = YES;
				INFOPLIST_KEY_UISupportedInterfaceOrientations = UIInterfaceOrientationPortrait;
				LD_RUNPATH_SEARCH_PATHS = (
					"$(inherited)",
					"@executable_path/Frameworks",
				);
				MARKETING_VERSION = 1.0;
				PRODUCT_BUNDLE_IDENTIFIER = hello.CryptoNest;
				PRODUCT_NAME = "$(TARGET_NAME)";
				SWIFT_EMIT_LOC_STRINGS = YES;
				SWIFT_VERSION = 5.0;
				TARGETED_DEVICE_FAMILY = "1,2";
			};
			name = Release;
		};
/* End XCBuildConfiguration section */

/* Begin XCConfigurationList section */
		84D641072C5F816B00079BF7 /* Build configuration list for PBXProject "CryptoNest" */ = {
			isa = XCConfigurationList;
			buildConfigurations = (
				84D641182C5F817100079BF7 /* Debug */,
				84D641192C5F817100079BF7 /* Release */,
			);
			defaultConfigurationIsVisible = 0;
			defaultConfigurationName = Release;
		};
		84D6411A2C5F817100079BF7 /* Build configuration list for PBXNativeTarget "CryptoNest" */ = {
			isa = XCConfigurationList;
			buildConfigurations = (
				84D6411B2C5F817100079BF7 /* Debug */,
				84D6411C2C5F817100079BF7 /* Release */,
			);
			defaultConfigurationIsVisible = 0;
			defaultConfigurationName = Release;
		};
/* End XCConfigurationList section */
	};
	rootObject = 84D641042C5F816B00079BF7 /* Project object */;
}
