{
  "originHash" : "d4088df5619d55b73b9309692eb1e6c7ae22a8eb0bc7910ef0b5cf58c0ab9b85",
  "pins" : [
    {
      "identity" : "popupview",
      "kind" : "remoteSourceControl",
      "location" : "https://github.com/exyte/PopupView",
      "state" : {
        "revision" : "21119b8dbb413e03b6036b788601e96806c83ed3",
        "version" : "3.0.4"
      }
    },
    {
      "identity" : "swiftui-introspect",
      "kind" : "remoteSourceControl",
      "location" : "https://github.com/siteline/swiftui-introspect",
      "state" : {
        "revision" : "807f73ce09a9b9723f12385e592b4e0aaebd3336",
        "version" : "1.3.0"
      }
    }
  ],
  "version" : 3
}
