// !$*UTF8*$!
{
	archiveVersion = 1;
	classes = {
	};
	objectVersion = 56;
	objects = {

/* Begin PBXBuildFile section */
		8466AC6E2C3EFE8600120E43 /* NavigationSwiftApp.swift in Sources */ = {isa = PBXBuildFile; fileRef = 8466AC6D2C3EFE8600120E43 /* NavigationSwiftApp.swift */; };
		8466AC702C3EFE8600120E43 /* ContentView.swift in Sources */ = {isa = PBXBuildFile; fileRef = 8466AC6F2C3EFE8600120E43 /* ContentView.swift */; };
		8466AC722C3EFE9100120E43 /* Assets.xcassets in Resources */ = {isa = PBXBuildFile; fileRef = 8466AC712C3EFE9100120E43 /* Assets.xcassets */; };
		8466AC752C3EFE9100120E43 /* Preview Assets.xcassets in Resources */ = {isa = PBXBuildFile; fileRef = 8466AC742C3EFE9100120E43 /* Preview Assets.xcassets */; };
		8466AC7F2C3EFE9200120E43 /* NavigationSwiftTests.swift in Sources */ = {isa = PBXBuildFile; fileRef = 8466AC7E2C3EFE9200120E43 /* NavigationSwiftTests.swift */; };
		8466AC892C3EFE9200120E43 /* NavigationSwiftUITests.swift in Sources */ = {isa = PBXBuildFile; fileRef = 8466AC882C3EFE9200120E43 /* NavigationSwiftUITests.swift */; };
		8466AC8B2C3EFE9200120E43 /* NavigationSwiftUITestsLaunchTests.swift in Sources */ = {isa = PBXBuildFile; fileRef = 8466AC8A2C3EFE9200120E43 /* NavigationSwiftUITestsLaunchTests.swift */; };
/* End PBXBuildFile section */

/* Begin PBXContainerItemProxy section */
		8466AC7B2C3EFE9200120E43 /* PBXContainerItemProxy */ = {
			isa = PBXContainerItemProxy;
			containerPortal = 8466AC622C3EFE8500120E43 /* Project object */;
			proxyType = 1;
			remoteGlobalIDString = 8466AC692C3EFE8600120E43;
			remoteInfo = NavigationSwift;
		};
		8466AC852C3EFE9200120E43 /* PBXContainerItemProxy */ = {
			isa = PBXContainerItemProxy;
			containerPortal = 8466AC622C3EFE8500120E43 /* Project object */;
			proxyType = 1;
			remoteGlobalIDString = 8466AC692C3EFE8600120E43;
			remoteInfo = NavigationSwift;
		};
/* End PBXContainerItemProxy section */

/* Begin PBXFileReference section */
		8466AC6A2C3EFE8600120E43 /* NavigationSwift.app */ = {isa = PBXFileReference; explicitFileType = wrapper.application; includeInIndex = 0; path = NavigationSwift.app; sourceTree = BUILT_PRODUCTS_DIR; };
		8466AC6D2C3EFE8600120E43 /* NavigationSwiftApp.swift */ = {isa = PBXFileReference; lastKnownFileType = sourcecode.swift; path = NavigationSwiftApp.swift; sourceTree = "<group>"; };
		8466AC6F2C3EFE8600120E43 /* ContentView.swift */ = {isa = PBXFileReference; lastKnownFileType = sourcecode.swift; path = ContentView.swift; sourceTree = "<group>"; };
		8466AC712C3EFE9100120E43 /* Assets.xcassets */ = {isa = PBXFileReference; lastKnownFileType = folder.assetcatalog; path = Assets.xcassets; sourceTree = "<group>"; };
		8466AC742C3EFE9100120E43 /* Preview Assets.xcassets */ = {isa = PBXFileReference; lastKnownFileType = folder.assetcatalog; path = "Preview Assets.xcassets"; sourceTree = "<group>"; };
		8466AC7A2C3EFE9200120E43 /* NavigationSwiftTests.xctest */ = {isa = PBXFileReference; explicitFileType = wrapper.cfbundle; includeInIndex = 0; path = NavigationSwiftTests.xctest; sourceTree = BUILT_PRODUCTS_DIR; };
		8466AC7E2C3EFE9200120E43 /* NavigationSwiftTests.swift */ = {isa = PBXFileReference; lastKnownFileType = sourcecode.swift; path = NavigationSwiftTests.swift; sourceTree = "<group>"; };
		8466AC842C3EFE9200120E43 /* NavigationSwiftUITests.xctest */ = {isa = PBXFileReference; explicitFileType = wrapper.cfbundle; includeInIndex = 0; path = NavigationSwiftUITests.xctest; sourceTree = BUILT_PRODUCTS_DIR; };
		8466AC882C3EFE9200120E43 /* NavigationSwiftUITests.swift */ = {isa = PBXFileReference; lastKnownFileType = sourcecode.swift; path = NavigationSwiftUITests.swift; sourceTree = "<group>"; };
		8466AC8A2C3EFE9200120E43 /* NavigationSwiftUITestsLaunchTests.swift */ = {isa = PBXFileReference; lastKnownFileType = sourcecode.swift; path = NavigationSwiftUITestsLaunchTests.swift; sourceTree = "<group>"; };
/* End PBXFileReference section */

/* Begin PBXFrameworksBuildPhase section */
		8466AC672C3EFE8600120E43 /* Frameworks */ = {
			isa = PBXFrameworksBuildPhase;
			buildActionMask = 2147483647;
			files = (
			);
			runOnlyForDeploymentPostprocessing = 0;
		};
		8466AC772C3EFE9200120E43 /* Frameworks */ = {
			isa = PBXFrameworksBuildPhase;
			buildActionMask = 2147483647;
			files = (
			);
			runOnlyForDeploymentPostprocessing = 0;
		};
		8466AC812C3EFE9200120E43 /* Frameworks */ = {
			isa = PBXFrameworksBuildPhase;
			buildActionMask = 2147483647;
			files = (
			);
			runOnlyForDeploymentPostprocessing = 0;
		};
/* End PBXFrameworksBuildPhase section */

/* Begin PBXGroup section */
		8466AC612C3EFE8500120E43 = {
			isa = PBXGroup;
			children = (
				8466AC6C2C3EFE8600120E43 /* NavigationSwift */,
				8466AC7D2C3EFE9200120E43 /* NavigationSwiftTests */,
				8466AC872C3EFE9200120E43 /* NavigationSwiftUITests */,
				8466AC6B2C3EFE8600120E43 /* Products */,
			);
			sourceTree = "<group>";
		};
		8466AC6B2C3EFE8600120E43 /* Products */ = {
			isa = PBXGroup;
			children = (
				8466AC6A2C3EFE8600120E43 /* NavigationSwift.app */,
				8466AC7A2C3EFE9200120E43 /* NavigationSwiftTests.xctest */,
				8466AC842C3EFE9200120E43 /* NavigationSwiftUITests.xctest */,
			);
			name = Products;
			sourceTree = "<group>";
		};
		8466AC6C2C3EFE8600120E43 /* NavigationSwift */ = {
			isa = PBXGroup;
			children = (
				8466AC6D2C3EFE8600120E43 /* NavigationSwiftApp.swift */,
				8466AC6F2C3EFE8600120E43 /* ContentView.swift */,
				8466AC712C3EFE9100120E43 /* Assets.xcassets */,
				8466AC732C3EFE9100120E43 /* Preview Content */,
			);
			path = NavigationSwift;
			sourceTree = "<group>";
		};
		8466AC732C3EFE9100120E43 /* Preview Content */ = {
			isa = PBXGroup;
			children = (
				8466AC742C3EFE9100120E43 /* Preview Assets.xcassets */,
			);
			path = "Preview Content";
			sourceTree = "<group>";
		};
		8466AC7D2C3EFE9200120E43 /* NavigationSwiftTests */ = {
			isa = PBXGroup;
			children = (
				8466AC7E2C3EFE9200120E43 /* NavigationSwiftTests.swift */,
			);
			path = NavigationSwiftTests;
			sourceTree = "<group>";
		};
		8466AC872C3EFE9200120E43 /* NavigationSwiftUITests */ = {
			isa = PBXGroup;
			children = (
				8466AC882C3EFE9200120E43 /* NavigationSwiftUITests.swift */,
				8466AC8A2C3EFE9200120E43 /* NavigationSwiftUITestsLaunchTests.swift */,
			);
			path = NavigationSwiftUITests;
			sourceTree = "<group>";
		};
/* End PBXGroup section */

/* Begin PBXNativeTarget section */
		8466AC692C3EFE8600120E43 /* NavigationSwift */ = {
			isa = PBXNativeTarget;
			buildConfigurationList = 8466AC8E2C3EFE9200120E43 /* Build configuration list for PBXNativeTarget "NavigationSwift" */;
			buildPhases = (
				8466AC662C3EFE8600120E43 /* Sources */,
				8466AC672C3EFE8600120E43 /* Frameworks */,
				8466AC682C3EFE8600120E43 /* Resources */,
			);
			buildRules = (
			);
			dependencies = (
			);
			name = NavigationSwift;
			productName = NavigationSwift;
			productReference = 8466AC6A2C3EFE8600120E43 /* NavigationSwift.app */;
			productType = "com.apple.product-type.application";
		};
		8466AC792C3EFE9200120E43 /* NavigationSwiftTests */ = {
			isa = PBXNativeTarget;
			buildConfigurationList = 8466AC912C3EFE9200120E43 /* Build configuration list for PBXNativeTarget "NavigationSwiftTests" */;
			buildPhases = (
				8466AC762C3EFE9200120E43 /* Sources */,
				8466AC772C3EFE9200120E43 /* Frameworks */,
				8466AC782C3EFE9200120E43 /* Resources */,
			);
			buildRules = (
			);
			dependencies = (
				8466AC7C2C3EFE9200120E43 /* PBXTargetDependency */,
			);
			name = NavigationSwiftTests;
			productName = NavigationSwiftTests;
			productReference = 8466AC7A2C3EFE9200120E43 /* NavigationSwiftTests.xctest */;
			productType = "com.apple.product-type.bundle.unit-test";
		};
		8466AC832C3EFE9200120E43 /* NavigationSwiftUITests */ = {
			isa = PBXNativeTarget;
			buildConfigurationList = 8466AC942C3EFE9200120E43 /* Build configuration list for PBXNativeTarget "NavigationSwiftUITests" */;
			buildPhases = (
				8466AC802C3EFE9200120E43 /* Sources */,
				8466AC812C3EFE9200120E43 /* Frameworks */,
				8466AC822C3EFE9200120E43 /* Resources */,
			);
			buildRules = (
			);
			dependencies = (
				8466AC862C3EFE9200120E43 /* PBXTargetDependency */,
			);
			name = NavigationSwiftUITests;
			productName = NavigationSwiftUITests;
			productReference = 8466AC842C3EFE9200120E43 /* NavigationSwiftUITests.xctest */;
			productType = "com.apple.product-type.bundle.ui-testing";
		};
/* End PBXNativeTarget section */

/* Begin PBXProject section */
		8466AC622C3EFE8500120E43 /* Project object */ = {
			isa = PBXProject;
			attributes = {
				BuildIndependentTargetsInParallel = 1;
				LastSwiftUpdateCheck = 1530;
				LastUpgradeCheck = 1530;
				TargetAttributes = {
					8466AC692C3EFE8600120E43 = {
						CreatedOnToolsVersion = 15.3;
					};
					8466AC792C3EFE9200120E43 = {
						CreatedOnToolsVersion = 15.3;
						TestTargetID = 8466AC692C3EFE8600120E43;
					};
					8466AC832C3EFE9200120E43 = {
						CreatedOnToolsVersion = 15.3;
						TestTargetID = 8466AC692C3EFE8600120E43;
					};
				};
			};
			buildConfigurationList = 8466AC652C3EFE8500120E43 /* Build configuration list for PBXProject "NavigationSwift" */;
			compatibilityVersion = "Xcode 14.0";
			developmentRegion = en;
			hasScannedForEncodings = 0;
			knownRegions = (
				en,
				Base,
			);
			mainGroup = 8466AC612C3EFE8500120E43;
			productRefGroup = 8466AC6B2C3EFE8600120E43 /* Products */;
			projectDirPath = "";
			projectRoot = "";
			targets = (
				8466AC692C3EFE8600120E43 /* NavigationSwift */,
				8466AC792C3EFE9200120E43 /* NavigationSwiftTests */,
				8466AC832C3EFE9200120E43 /* NavigationSwiftUITests */,
			);
		};
/* End PBXProject section */

/* Begin PBXResourcesBuildPhase section */
		8466AC682C3EFE8600120E43 /* Resources */ = {
			isa = PBXResourcesBuildPhase;
			buildActionMask = 2147483647;
			files = (
				8466AC752C3EFE9100120E43 /* Preview Assets.xcassets in Resources */,
				8466AC722C3EFE9100120E43 /* Assets.xcassets in Resources */,
			);
			runOnlyForDeploymentPostprocessing = 0;
		};
		8466AC782C3EFE9200120E43 /* Resources */ = {
			isa = PBXResourcesBuildPhase;
			buildActionMask = 2147483647;
			files = (
			);
			runOnlyForDeploymentPostprocessing = 0;
		};
		8466AC822C3EFE9200120E43 /* Resources */ = {
			isa = PBXResourcesBuildPhase;
			buildActionMask = 2147483647;
			files = (
			);
			runOnlyForDeploymentPostprocessing = 0;
		};
/* End PBXResourcesBuildPhase section */

/* Begin PBXSourcesBuildPhase section */
		8466AC662C3EFE8600120E43 /* Sources */ = {
			isa = PBXSourcesBuildPhase;
			buildActionMask = 2147483647;
			files = (
				8466AC702C3EFE8600120E43 /* ContentView.swift in Sources */,
				8466AC6E2C3EFE8600120E43 /* NavigationSwiftApp.swift in Sources */,
			);
			runOnlyForDeploymentPostprocessing = 0;
		};
		8466AC762C3EFE9200120E43 /* Sources */ = {
			isa = PBXSourcesBuildPhase;
			buildActionMask = 2147483647;
			files = (
				8466AC7F2C3EFE9200120E43 /* NavigationSwiftTests.swift in Sources */,
			);
			runOnlyForDeploymentPostprocessing = 0;
		};
		8466AC802C3EFE9200120E43 /* Sources */ = {
			isa = PBXSourcesBuildPhase;
			buildActionMask = 2147483647;
			files = (
				8466AC8B2C3EFE9200120E43 /* NavigationSwiftUITestsLaunchTests.swift in Sources */,
				8466AC892C3EFE9200120E43 /* NavigationSwiftUITests.swift in Sources */,
			);
			runOnlyForDeploymentPostprocessing = 0;
		};
/* End PBXSourcesBuildPhase section */

/* Begin PBXTargetDependency section */
		8466AC7C2C3EFE9200120E43 /* PBXTargetDependency */ = {
			isa = PBXTargetDependency;
			target = 8466AC692C3EFE8600120E43 /* NavigationSwift */;
			targetProxy = 8466AC7B2C3EFE9200120E43 /* PBXContainerItemProxy */;
		};
		8466AC862C3EFE9200120E43 /* PBXTargetDependency */ = {
			isa = PBXTargetDependency;
			target = 8466AC692C3EFE8600120E43 /* NavigationSwift */;
			targetProxy = 8466AC852C3EFE9200120E43 /* PBXContainerItemProxy */;
		};
/* End PBXTargetDependency section */

/* Begin XCBuildConfiguration section */
		8466AC8C2C3EFE9200120E43 /* Debug */ = {
			isa = XCBuildConfiguration;
			buildSettings = {
				ALWAYS_SEARCH_USER_PATHS = NO;
				ASSETCATALOG_COMPILER_GENERATE_SWIFT_ASSET_SYMBOL_EXTENSIONS = YES;
				CLANG_ANALYZER_NONNULL = YES;
				CLANG_ANALYZER_NUMBER_OBJECT_CONVERSION = YES_AGGRESSIVE;
				CLANG_CXX_LANGUAGE_STANDARD = "gnu++20";
				CLANG_ENABLE_MODULES = YES;
				CLANG_ENABLE_OBJC_ARC = YES;
				CLANG_ENABLE_OBJC_WEAK = YES;
				CLANG_WARN_BLOCK_CAPTURE_AUTORELEASING = YES;
				CLANG_WARN_BOOL_CONVERSION = YES;
				CLANG_WARN_COMMA = YES;
				CLANG_WARN_CONSTANT_CONVERSION = YES;
				CLANG_WARN_DEPRECATED_OBJC_IMPLEMENTATIONS = YES;
				CLANG_WARN_DIRECT_OBJC_ISA_USAGE = YES_ERROR;
				CLANG_WARN_DOCUMENTATION_COMMENTS = YES;
				CLANG_WARN_EMPTY_BODY = YES;
				CLANG_WARN_ENUM_CONVERSION = YES;
				CLANG_WARN_INFINITE_RECURSION = YES;
				CLANG_WARN_INT_CONVERSION = YES;
				CLANG_WARN_NON_LITERAL_NULL_CONVERSION = YES;
				CLANG_WARN_OBJC_IMPLICIT_RETAIN_SELF = YES;
				CLANG_WARN_OBJC_LITERAL_CONVERSION = YES;
				CLANG_WARN_OBJC_ROOT_CLASS = YES_ERROR;
				CLANG_WARN_QUOTED_INCLUDE_IN_FRAMEWORK_HEADER = YES;
				CLANG_WARN_RANGE_LOOP_ANALYSIS = YES;
				CLANG_WARN_STRICT_PROTOTYPES = YES;
				CLANG_WARN_SUSPICIOUS_MOVE = YES;
				CLANG_WARN_UNGUARDED_AVAILABILITY = YES_AGGRESSIVE;
				CLANG_WARN_UNREACHABLE_CODE = YES;
				CLANG_WARN__DUPLICATE_METHOD_MATCH = YES;
				COPY_PHASE_STRIP = NO;
				DEBUG_INFORMATION_FORMAT = dwarf;
				ENABLE_STRICT_OBJC_MSGSEND = YES;
				ENABLE_TESTABILITY = YES;
				ENABLE_USER_SCRIPT_SANDBOXING = YES;
				GCC_C_LANGUAGE_STANDARD = gnu17;
				GCC_DYNAMIC_NO_PIC = NO;
				GCC_NO_COMMON_BLOCKS = YES;
				GCC_OPTIMIZATION_LEVEL = 0;
				GCC_PREPROCESSOR_DEFINITIONS = (
					"DEBUG=1",
					"$(inherited)",
				);
				GCC_WARN_64_TO_32_BIT_CONVERSION = YES;
				GCC_WARN_ABOUT_RETURN_TYPE = YES_ERROR;
				GCC_WARN_UNDECLARED_SELECTOR = YES;
				GCC_WARN_UNINITIALIZED_AUTOS = YES_AGGRESSIVE;
				GCC_WARN_UNUSED_FUNCTION = YES;
				GCC_WARN_UNUSED_VARIABLE = YES;
				IPHONEOS_DEPLOYMENT_TARGET = 17.4;
				LOCALIZATION_PREFERS_STRING_CATALOGS = YES;
				MTL_ENABLE_DEBUG_INFO = INCLUDE_SOURCE;
				MTL_FAST_MATH = YES;
				ONLY_ACTIVE_ARCH = YES;
				SDKROOT = iphoneos;
				SWIFT_ACTIVE_COMPILATION_CONDITIONS = "DEBUG $(inherited)";
				SWIFT_OPTIMIZATION_LEVEL = "-Onone";
			};
			name = Debug;
		};
		8466AC8D2C3EFE9200120E43 /* Release */ = {
			isa = XCBuildConfiguration;
			buildSettings = {
				ALWAYS_SEARCH_USER_PATHS = NO;
				ASSETCATALOG_COMPILER_GENERATE_SWIFT_ASSET_SYMBOL_EXTENSIONS = YES;
				CLANG_ANALYZER_NONNULL = YES;
				CLANG_ANALYZER_NUMBER_OBJECT_CONVERSION = YES_AGGRESSIVE;
				CLANG_CXX_LANGUAGE_STANDARD = "gnu++20";
				CLANG_ENABLE_MODULES = YES;
				CLANG_ENABLE_OBJC_ARC = YES;
				CLANG_ENABLE_OBJC_WEAK = YES;
				CLANG_WARN_BLOCK_CAPTURE_AUTORELEASING = YES;
				CLANG_WARN_BOOL_CONVERSION = YES;
				CLANG_WARN_COMMA = YES;
				CLANG_WARN_CONSTANT_CONVERSION = YES;
				CLANG_WARN_DEPRECATED_OBJC_IMPLEMENTATIONS = YES;
				CLANG_WARN_DIRECT_OBJC_ISA_USAGE = YES_ERROR;
				CLANG_WARN_DOCUMENTATION_COMMENTS = YES;
				CLANG_WARN_EMPTY_BODY = YES;
				CLANG_WARN_ENUM_CONVERSION = YES;
				CLANG_WARN_INFINITE_RECURSION = YES;
				CLANG_WARN_INT_CONVERSION = YES;
				CLANG_WARN_NON_LITERAL_NULL_CONVERSION = YES;
				CLANG_WARN_OBJC_IMPLICIT_RETAIN_SELF = YES;
				CLANG_WARN_OBJC_LITERAL_CONVERSION = YES;
				CLANG_WARN_OBJC_ROOT_CLASS = YES_ERROR;
				CLANG_WARN_QUOTED_INCLUDE_IN_FRAMEWORK_HEADER = YES;
				CLANG_WARN_RANGE_LOOP_ANALYSIS = YES;
				CLANG_WARN_STRICT_PROTOTYPES = YES;
				CLANG_WARN_SUSPICIOUS_MOVE = YES;
				CLANG_WARN_UNGUARDED_AVAILABILITY = YES_AGGRESSIVE;
				CLANG_WARN_UNREACHABLE_CODE = YES;
				CLANG_WARN__DUPLICATE_METHOD_MATCH = YES;
				COPY_PHASE_STRIP = NO;
				DEBUG_INFORMATION_FORMAT = "dwarf-with-dsym";
				ENABLE_NS_ASSERTIONS = NO;
				ENABLE_STRICT_OBJC_MSGSEND = YES;
				ENABLE_USER_SCRIPT_SANDBOXING = YES;
				GCC_C_LANGUAGE_STANDARD = gnu17;
				GCC_NO_COMMON_BLOCKS = YES;
				GCC_WARN_64_TO_32_BIT_CONVERSION = YES;
				GCC_WARN_ABOUT_RETURN_TYPE = YES_ERROR;
				GCC_WARN_UNDECLARED_SELECTOR = YES;
				GCC_WARN_UNINITIALIZED_AUTOS = YES_AGGRESSIVE;
				GCC_WARN_UNUSED_FUNCTION = YES;
				GCC_WARN_UNUSED_VARIABLE = YES;
				IPHONEOS_DEPLOYMENT_TARGET = 17.4;
				LOCALIZATION_PREFERS_STRING_CATALOGS = YES;
				MTL_ENABLE_DEBUG_INFO = NO;
				MTL_FAST_MATH = YES;
				SDKROOT = iphoneos;
				SWIFT_COMPILATION_MODE = wholemodule;
				VALIDATE_PRODUCT = YES;
			};
			name = Release;
		};
		8466AC8F2C3EFE9200120E43 /* Debug */ = {
			isa = XCBuildConfiguration;
			buildSettings = {
				ASSETCATALOG_COMPILER_APPICON_NAME = AppIcon;
				ASSETCATALOG_COMPILER_GLOBAL_ACCENT_COLOR_NAME = AccentColor;
				CODE_SIGN_STYLE = Automatic;
				CURRENT_PROJECT_VERSION = 1;
				DEVELOPMENT_ASSET_PATHS = "\"NavigationSwift/Preview Content\"";
				ENABLE_PREVIEWS = YES;
				GENERATE_INFOPLIST_FILE = YES;
				INFOPLIST_KEY_UIApplicationSceneManifest_Generation = YES;
				INFOPLIST_KEY_UIApplicationSupportsIndirectInputEvents = YES;
				INFOPLIST_KEY_UILaunchScreen_Generation = YES;
				INFOPLIST_KEY_UISupportedInterfaceOrientations_iPad = "UIInterfaceOrientationPortrait UIInterfaceOrientationPortraitUpsideDown UIInterfaceOrientationLandscapeLeft UIInterfaceOrientationLandscapeRight";
				INFOPLIST_KEY_UISupportedInterfaceOrientations_iPhone = "UIInterfaceOrientationPortrait UIInterfaceOrientationLandscapeLeft UIInterfaceOrientationLandscapeRight";
				LD_RUNPATH_SEARCH_PATHS = (
					"$(inherited)",
					"@executable_path/Frameworks",
				);
				MARKETING_VERSION = 1.0;
				PRODUCT_BUNDLE_IDENTIFIER = hello.NavigationSwift;
				PRODUCT_NAME = "$(TARGET_NAME)";
				SWIFT_EMIT_LOC_STRINGS = YES;
				SWIFT_VERSION = 5.0;
				TARGETED_DEVICE_FAMILY = "1,2";
			};
			name = Debug;
		};
		8466AC902C3EFE9200120E43 /* Release */ = {
			isa = XCBuildConfiguration;
			buildSettings = {
				ASSETCATALOG_COMPILER_APPICON_NAME = AppIcon;
				ASSETCATALOG_COMPILER_GLOBAL_ACCENT_COLOR_NAME = AccentColor;
				CODE_SIGN_STYLE = Automatic;
				CURRENT_PROJECT_VERSION = 1;
				DEVELOPMENT_ASSET_PATHS = "\"NavigationSwift/Preview Content\"";
				ENABLE_PREVIEWS = YES;
				GENERATE_INFOPLIST_FILE = YES;
				INFOPLIST_KEY_UIApplicationSceneManifest_Generation = YES;
				INFOPLIST_KEY_UIApplicationSupportsIndirectInputEvents = YES;
				INFOPLIST_KEY_UILaunchScreen_Generation = YES;
				INFOPLIST_KEY_UISupportedInterfaceOrientations_iPad = "UIInterfaceOrientationPortrait UIInterfaceOrientationPortraitUpsideDown UIInterfaceOrientationLandscapeLeft UIInterfaceOrientationLandscapeRight";
				INFOPLIST_KEY_UISupportedInterfaceOrientations_iPhone = "UIInterfaceOrientationPortrait UIInterfaceOrientationLandscapeLeft UIInterfaceOrientationLandscapeRight";
				LD_RUNPATH_SEARCH_PATHS = (
					"$(inherited)",
					"@executable_path/Frameworks",
				);
				MARKETING_VERSION = 1.0;
				PRODUCT_BUNDLE_IDENTIFIER = hello.NavigationSwift;
				PRODUCT_NAME = "$(TARGET_NAME)";
				SWIFT_EMIT_LOC_STRINGS = YES;
				SWIFT_VERSION = 5.0;
				TARGETED_DEVICE_FAMILY = "1,2";
			};
			name = Release;
		};
		8466AC922C3EFE9200120E43 /* Debug */ = {
			isa = XCBuildConfiguration;
			buildSettings = {
				ALWAYS_EMBED_SWIFT_STANDARD_LIBRARIES = YES;
				BUNDLE_LOADER = "$(TEST_HOST)";
				CODE_SIGN_STYLE = Automatic;
				CURRENT_PROJECT_VERSION = 1;
				GENERATE_INFOPLIST_FILE = YES;
				IPHONEOS_DEPLOYMENT_TARGET = 17.4;
				MARKETING_VERSION = 1.0;
				PRODUCT_BUNDLE_IDENTIFIER = hello.NavigationSwiftTests;
				PRODUCT_NAME = "$(TARGET_NAME)";
				SWIFT_EMIT_LOC_STRINGS = NO;
				SWIFT_VERSION = 5.0;
				TARGETED_DEVICE_FAMILY = "1,2";
				TEST_HOST = "$(BUILT_PRODUCTS_DIR)/NavigationSwift.app/$(BUNDLE_EXECUTABLE_FOLDER_PATH)/NavigationSwift";
			};
			name = Debug;
		};
		8466AC932C3EFE9200120E43 /* Release */ = {
			isa = XCBuildConfiguration;
			buildSettings = {
				ALWAYS_EMBED_SWIFT_STANDARD_LIBRARIES = YES;
				BUNDLE_LOADER = "$(TEST_HOST)";
				CODE_SIGN_STYLE = Automatic;
				CURRENT_PROJECT_VERSION = 1;
				GENERATE_INFOPLIST_FILE = YES;
				IPHONEOS_DEPLOYMENT_TARGET = 17.4;
				MARKETING_VERSION = 1.0;
				PRODUCT_BUNDLE_IDENTIFIER = hello.NavigationSwiftTests;
				PRODUCT_NAME = "$(TARGET_NAME)";
				SWIFT_EMIT_LOC_STRINGS = NO;
				SWIFT_VERSION = 5.0;
				TARGETED_DEVICE_FAMILY = "1,2";
				TEST_HOST = "$(BUILT_PRODUCTS_DIR)/NavigationSwift.app/$(BUNDLE_EXECUTABLE_FOLDER_PATH)/NavigationSwift";
			};
			name = Release;
		};
		8466AC952C3EFE9200120E43 /* Debug */ = {
			isa = XCBuildConfiguration;
			buildSettings = {
				ALWAYS_EMBED_SWIFT_STANDARD_LIBRARIES = YES;
				CODE_SIGN_STYLE = Automatic;
				CURRENT_PROJECT_VERSION = 1;
				GENERATE_INFOPLIST_FILE = YES;
				MARKETING_VERSION = 1.0;
				PRODUCT_BUNDLE_IDENTIFIER = hello.NavigationSwiftUITests;
				PRODUCT_NAME = "$(TARGET_NAME)";
				SWIFT_EMIT_LOC_STRINGS = NO;
				SWIFT_VERSION = 5.0;
				TARGETED_DEVICE_FAMILY = "1,2";
				TEST_TARGET_NAME = NavigationSwift;
			};
			name = Debug;
		};
		8466AC962C3EFE9200120E43 /* Release */ = {
			isa = XCBuildConfiguration;
			buildSettings = {
				ALWAYS_EMBED_SWIFT_STANDARD_LIBRARIES = YES;
				CODE_SIGN_STYLE = Automatic;
				CURRENT_PROJECT_VERSION = 1;
				GENERATE_INFOPLIST_FILE = YES;
				MARKETING_VERSION = 1.0;
				PRODUCT_BUNDLE_IDENTIFIER = hello.NavigationSwiftUITests;
				PRODUCT_NAME = "$(TARGET_NAME)";
				SWIFT_EMIT_LOC_STRINGS = NO;
				SWIFT_VERSION = 5.0;
				TARGETED_DEVICE_FAMILY = "1,2";
				TEST_TARGET_NAME = NavigationSwift;
			};
			name = Release;
		};
/* End XCBuildConfiguration section */

/* Begin XCConfigurationList section */
		8466AC652C3EFE8500120E43 /* Build configuration list for PBXProject "NavigationSwift" */ = {
			isa = XCConfigurationList;
			buildConfigurations = (
				8466AC8C2C3EFE9200120E43 /* Debug */,
				8466AC8D2C3EFE9200120E43 /* Release */,
			);
			defaultConfigurationIsVisible = 0;
			defaultConfigurationName = Release;
		};
		8466AC8E2C3EFE9200120E43 /* Build configuration list for PBXNativeTarget "NavigationSwift" */ = {
			isa = XCConfigurationList;
			buildConfigurations = (
				8466AC8F2C3EFE9200120E43 /* Debug */,
				8466AC902C3EFE9200120E43 /* Release */,
			);
			defaultConfigurationIsVisible = 0;
			defaultConfigurationName = Release;
		};
		8466AC912C3EFE9200120E43 /* Build configuration list for PBXNativeTarget "NavigationSwiftTests" */ = {
			isa = XCConfigurationList;
			buildConfigurations = (
				8466AC922C3EFE9200120E43 /* Debug */,
				8466AC932C3EFE9200120E43 /* Release */,
			);
			defaultConfigurationIsVisible = 0;
			defaultConfigurationName = Release;
		};
		8466AC942C3EFE9200120E43 /* Build configuration list for PBXNativeTarget "NavigationSwiftUITests" */ = {
			isa = XCConfigurationList;
			buildConfigurations = (
				8466AC952C3EFE9200120E43 /* Debug */,
				8466AC962C3EFE9200120E43 /* Release */,
			);
			defaultConfigurationIsVisible = 0;
			defaultConfigurationName = Release;
		};
/* End XCConfigurationList section */
	};
	rootObject = 8466AC622C3EFE8500120E43 /* Project object */;
}
