// !$*UTF8*$!
{
	archiveVersion = 1;
	classes = {
	};
	objectVersion = 77;
	objects = {

/* Begin PBXContainerItemProxy section */
		8445894E2CDE7E3F00F50958 /* PBXContainerItemProxy */ = {
			isa = PBXContainerItemProxy;
			containerPortal = 844589342CDE7E3E00F50958 /* Project object */;
			proxyType = 1;
			remoteGlobalIDString = 8445893B2CDE7E3E00F50958;
			remoteInfo = SwiftInterMediateBootCamp;
		};
		844589582CDE7E3F00F50958 /* PBXContainerItemProxy */ = {
			isa = PBXContainerItemProxy;
			containerPortal = 844589342CDE7E3E00F50958 /* Project object */;
			proxyType = 1;
			remoteGlobalIDString = 8445893B2CDE7E3E00F50958;
			remoteInfo = SwiftInterMediateBootCamp;
		};
/* End PBXContainerItemProxy section */

/* Begin PBXFileReference section */
		8445893C2CDE7E3E00F50958 /* SwiftInterMediateBootCamp.app */ = {isa = PBXFileReference; explicitFileType = wrapper.application; includeInIndex = 0; path = SwiftInterMediateBootCamp.app; sourceTree = BUILT_PRODUCTS_DIR; };
		8445894D2CDE7E3F00F50958 /* SwiftInterMediateBootCampTests.xctest */ = {isa = PBXFileReference; explicitFileType = wrapper.cfbundle; includeInIndex = 0; path = SwiftInterMediateBootCampTests.xctest; sourceTree = BUILT_PRODUCTS_DIR; };
		844589572CDE7E3F00F50958 /* SwiftInterMediateBootCampUITests.xctest */ = {isa = PBXFileReference; explicitFileType = wrapper.cfbundle; includeInIndex = 0; path = SwiftInterMediateBootCampUITests.xctest; sourceTree = BUILT_PRODUCTS_DIR; };
/* End PBXFileReference section */

/* Begin PBXFileSystemSynchronizedRootGroup section */
		8445893E2CDE7E3E00F50958 /* SwiftInterMediateBootCamp */ = {
			isa = PBXFileSystemSynchronizedRootGroup;
			path = SwiftInterMediateBootCamp;
			sourceTree = "<group>";
		};
/* End PBXFileSystemSynchronizedRootGroup section */

/* Begin PBXFrameworksBuildPhase section */
		844589392CDE7E3E00F50958 /* Frameworks */ = {
			isa = PBXFrameworksBuildPhase;
			buildActionMask = 2147483647;
			files = (
			);
			runOnlyForDeploymentPostprocessing = 0;
		};
		8445894A2CDE7E3F00F50958 /* Frameworks */ = {
			isa = PBXFrameworksBuildPhase;
			buildActionMask = 2147483647;
			files = (
			);
			runOnlyForDeploymentPostprocessing = 0;
		};
		844589542CDE7E3F00F50958 /* Frameworks */ = {
			isa = PBXFrameworksBuildPhase;
			buildActionMask = 2147483647;
			files = (
			);
			runOnlyForDeploymentPostprocessing = 0;
		};
/* End PBXFrameworksBuildPhase section */

/* Begin PBXGroup section */
		844589332CDE7E3E00F50958 = {
			isa = PBXGroup;
			children = (
				8445893E2CDE7E3E00F50958 /* SwiftInterMediateBootCamp */,
				8445893D2CDE7E3E00F50958 /* Products */,
			);
			sourceTree = "<group>";
		};
		8445893D2CDE7E3E00F50958 /* Products */ = {
			isa = PBXGroup;
			children = (
				8445893C2CDE7E3E00F50958 /* SwiftInterMediateBootCamp.app */,
				8445894D2CDE7E3F00F50958 /* SwiftInterMediateBootCampTests.xctest */,
				844589572CDE7E3F00F50958 /* SwiftInterMediateBootCampUITests.xctest */,
			);
			name = Products;
			sourceTree = "<group>";
		};
/* End PBXGroup section */

/* Begin PBXNativeTarget section */
		8445893B2CDE7E3E00F50958 /* SwiftInterMediateBootCamp */ = {
			isa = PBXNativeTarget;
			buildConfigurationList = 844589612CDE7E3F00F50958 /* Build configuration list for PBXNativeTarget "SwiftInterMediateBootCamp" */;
			buildPhases = (
				844589382CDE7E3E00F50958 /* Sources */,
				844589392CDE7E3E00F50958 /* Frameworks */,
				8445893A2CDE7E3E00F50958 /* Resources */,
			);
			buildRules = (
			);
			dependencies = (
			);
			fileSystemSynchronizedGroups = (
				8445893E2CDE7E3E00F50958 /* SwiftInterMediateBootCamp */,
			);
			name = SwiftInterMediateBootCamp;
			packageProductDependencies = (
			);
			productName = SwiftInterMediateBootCamp;
			productReference = 8445893C2CDE7E3E00F50958 /* SwiftInterMediateBootCamp.app */;
			productType = "com.apple.product-type.application";
		};
		8445894C2CDE7E3F00F50958 /* SwiftInterMediateBootCampTests */ = {
			isa = PBXNativeTarget;
			buildConfigurationList = 844589642CDE7E3F00F50958 /* Build configuration list for PBXNativeTarget "SwiftInterMediateBootCampTests" */;
			buildPhases = (
				844589492CDE7E3F00F50958 /* Sources */,
				8445894A2CDE7E3F00F50958 /* Frameworks */,
				8445894B2CDE7E3F00F50958 /* Resources */,
			);
			buildRules = (
			);
			dependencies = (
				8445894F2CDE7E3F00F50958 /* PBXTargetDependency */,
			);
			name = SwiftInterMediateBootCampTests;
			packageProductDependencies = (
			);
			productName = SwiftInterMediateBootCampTests;
			productReference = 8445894D2CDE7E3F00F50958 /* SwiftInterMediateBootCampTests.xctest */;
			productType = "com.apple.product-type.bundle.unit-test";
		};
		844589562CDE7E3F00F50958 /* SwiftInterMediateBootCampUITests */ = {
			isa = PBXNativeTarget;
			buildConfigurationList = 844589672CDE7E3F00F50958 /* Build configuration list for PBXNativeTarget "SwiftInterMediateBootCampUITests" */;
			buildPhases = (
				844589532CDE7E3F00F50958 /* Sources */,
				844589542CDE7E3F00F50958 /* Frameworks */,
				844589552CDE7E3F00F50958 /* Resources */,
			);
			buildRules = (
			);
			dependencies = (
				844589592CDE7E3F00F50958 /* PBXTargetDependency */,
			);
			name = SwiftInterMediateBootCampUITests;
			packageProductDependencies = (
			);
			productName = SwiftInterMediateBootCampUITests;
			productReference = 844589572CDE7E3F00F50958 /* SwiftInterMediateBootCampUITests.xctest */;
			productType = "com.apple.product-type.bundle.ui-testing";
		};
/* End PBXNativeTarget section */

/* Begin PBXProject section */
		844589342CDE7E3E00F50958 /* Project object */ = {
			isa = PBXProject;
			attributes = {
				BuildIndependentTargetsInParallel = 1;
				LastSwiftUpdateCheck = 1610;
				LastUpgradeCheck = 1610;
				TargetAttributes = {
					8445893B2CDE7E3E00F50958 = {
						CreatedOnToolsVersion = 16.1;
					};
					8445894C2CDE7E3F00F50958 = {
						CreatedOnToolsVersion = 16.1;
						TestTargetID = 8445893B2CDE7E3E00F50958;
					};
					844589562CDE7E3F00F50958 = {
						CreatedOnToolsVersion = 16.1;
						TestTargetID = 8445893B2CDE7E3E00F50958;
					};
				};
			};
			buildConfigurationList = 844589372CDE7E3E00F50958 /* Build configuration list for PBXProject "SwiftInterMediateBootCamp" */;
			developmentRegion = en;
			hasScannedForEncodings = 0;
			knownRegions = (
				en,
				Base,
			);
			mainGroup = 844589332CDE7E3E00F50958;
			minimizedProjectReferenceProxies = 1;
			preferredProjectObjectVersion = 77;
			productRefGroup = 8445893D2CDE7E3E00F50958 /* Products */;
			projectDirPath = "";
			projectRoot = "";
			targets = (
				8445893B2CDE7E3E00F50958 /* SwiftInterMediateBootCamp */,
				8445894C2CDE7E3F00F50958 /* SwiftInterMediateBootCampTests */,
				844589562CDE7E3F00F50958 /* SwiftInterMediateBootCampUITests */,
			);
		};
/* End PBXProject section */

/* Begin PBXResourcesBuildPhase section */
		8445893A2CDE7E3E00F50958 /* Resources */ = {
			isa = PBXResourcesBuildPhase;
			buildActionMask = 2147483647;
			files = (
			);
			runOnlyForDeploymentPostprocessing = 0;
		};
		8445894B2CDE7E3F00F50958 /* Resources */ = {
			isa = PBXResourcesBuildPhase;
			buildActionMask = 2147483647;
			files = (
			);
			runOnlyForDeploymentPostprocessing = 0;
		};
		844589552CDE7E3F00F50958 /* Resources */ = {
			isa = PBXResourcesBuildPhase;
			buildActionMask = 2147483647;
			files = (
			);
			runOnlyForDeploymentPostprocessing = 0;
		};
/* End PBXResourcesBuildPhase section */

/* Begin PBXSourcesBuildPhase section */
		844589382CDE7E3E00F50958 /* Sources */ = {
			isa = PBXSourcesBuildPhase;
			buildActionMask = 2147483647;
			files = (
			);
			runOnlyForDeploymentPostprocessing = 0;
		};
		844589492CDE7E3F00F50958 /* Sources */ = {
			isa = PBXSourcesBuildPhase;
			buildActionMask = 2147483647;
			files = (
			);
			runOnlyForDeploymentPostprocessing = 0;
		};
		844589532CDE7E3F00F50958 /* Sources */ = {
			isa = PBXSourcesBuildPhase;
			buildActionMask = 2147483647;
			files = (
			);
			runOnlyForDeploymentPostprocessing = 0;
		};
/* End PBXSourcesBuildPhase section */

/* Begin PBXTargetDependency section */
		8445894F2CDE7E3F00F50958 /* PBXTargetDependency */ = {
			isa = PBXTargetDependency;
			target = 8445893B2CDE7E3E00F50958 /* SwiftInterMediateBootCamp */;
			targetProxy = 8445894E2CDE7E3F00F50958 /* PBXContainerItemProxy */;
		};
		844589592CDE7E3F00F50958 /* PBXTargetDependency */ = {
			isa = PBXTargetDependency;
			target = 8445893B2CDE7E3E00F50958 /* SwiftInterMediateBootCamp */;
			targetProxy = 844589582CDE7E3F00F50958 /* PBXContainerItemProxy */;
		};
/* End PBXTargetDependency section */

/* Begin XCBuildConfiguration section */
		8445895F2CDE7E3F00F50958 /* Debug */ = {
			isa = XCBuildConfiguration;
			buildSettings = {
				ALWAYS_SEARCH_USER_PATHS = NO;
				ASSETCATALOG_COMPILER_GENERATE_SWIFT_ASSET_SYMBOL_EXTENSIONS = YES;
				CLANG_ANALYZER_NONNULL = YES;
				CLANG_ANALYZER_NUMBER_OBJECT_CONVERSION = YES_AGGRESSIVE;
				CLANG_CXX_LANGUAGE_STANDARD = "gnu++20";
				CLANG_ENABLE_MODULES = YES;
				CLANG_ENABLE_OBJC_ARC = YES;
				CLANG_ENABLE_OBJC_WEAK = YES;
				CLANG_WARN_BLOCK_CAPTURE_AUTORELEASING = YES;
				CLANG_WARN_BOOL_CONVERSION = YES;
				CLANG_WARN_COMMA = YES;
				CLANG_WARN_CONSTANT_CONVERSION = YES;
				CLANG_WARN_DEPRECATED_OBJC_IMPLEMENTATIONS = YES;
				CLANG_WARN_DIRECT_OBJC_ISA_USAGE = YES_ERROR;
				CLANG_WARN_DOCUMENTATION_COMMENTS = YES;
				CLANG_WARN_EMPTY_BODY = YES;
				CLANG_WARN_ENUM_CONVERSION = YES;
				CLANG_WARN_INFINITE_RECURSION = YES;
				CLANG_WARN_INT_CONVERSION = YES;
				CLANG_WARN_NON_LITERAL_NULL_CONVERSION = YES;
				CLANG_WARN_OBJC_IMPLICIT_RETAIN_SELF = YES;
				CLANG_WARN_OBJC_LITERAL_CONVERSION = YES;
				CLANG_WARN_OBJC_ROOT_CLASS = YES_ERROR;
				CLANG_WARN_QUOTED_INCLUDE_IN_FRAMEWORK_HEADER = YES;
				CLANG_WARN_RANGE_LOOP_ANALYSIS = YES;
				CLANG_WARN_STRICT_PROTOTYPES = YES;
				CLANG_WARN_SUSPICIOUS_MOVE = YES;
				CLANG_WARN_UNGUARDED_AVAILABILITY = YES_AGGRESSIVE;
				CLANG_WARN_UNREACHABLE_CODE = YES;
				CLANG_WARN__DUPLICATE_METHOD_MATCH = YES;
				COPY_PHASE_STRIP = NO;
				DEBUG_INFORMATION_FORMAT = dwarf;
				ENABLE_STRICT_OBJC_MSGSEND = YES;
				ENABLE_TESTABILITY = YES;
				ENABLE_USER_SCRIPT_SANDBOXING = YES;
				GCC_C_LANGUAGE_STANDARD = gnu17;
				GCC_DYNAMIC_NO_PIC = NO;
				GCC_NO_COMMON_BLOCKS = YES;
				GCC_OPTIMIZATION_LEVEL = 0;
				GCC_PREPROCESSOR_DEFINITIONS = (
					"DEBUG=1",
					"$(inherited)",
				);
				GCC_WARN_64_TO_32_BIT_CONVERSION = YES;
				GCC_WARN_ABOUT_RETURN_TYPE = YES_ERROR;
				GCC_WARN_UNDECLARED_SELECTOR = YES;
				GCC_WARN_UNINITIALIZED_AUTOS = YES_AGGRESSIVE;
				GCC_WARN_UNUSED_FUNCTION = YES;
				GCC_WARN_UNUSED_VARIABLE = YES;
				LOCALIZATION_PREFERS_STRING_CATALOGS = YES;
				MTL_ENABLE_DEBUG_INFO = INCLUDE_SOURCE;
				MTL_FAST_MATH = YES;
				ONLY_ACTIVE_ARCH = YES;
				SWIFT_ACTIVE_COMPILATION_CONDITIONS = "DEBUG $(inherited)";
				SWIFT_OPTIMIZATION_LEVEL = "-Onone";
			};
			name = Debug;
		};
		844589602CDE7E3F00F50958 /* Release */ = {
			isa = XCBuildConfiguration;
			buildSettings = {
				ALWAYS_SEARCH_USER_PATHS = NO;
				ASSETCATALOG_COMPILER_GENERATE_SWIFT_ASSET_SYMBOL_EXTENSIONS = YES;
				CLANG_ANALYZER_NONNULL = YES;
				CLANG_ANALYZER_NUMBER_OBJECT_CONVERSION = YES_AGGRESSIVE;
				CLANG_CXX_LANGUAGE_STANDARD = "gnu++20";
				CLANG_ENABLE_MODULES = YES;
				CLANG_ENABLE_OBJC_ARC = YES;
				CLANG_ENABLE_OBJC_WEAK = YES;
				CLANG_WARN_BLOCK_CAPTURE_AUTORELEASING = YES;
				CLANG_WARN_BOOL_CONVERSION = YES;
				CLANG_WARN_COMMA = YES;
				CLANG_WARN_CONSTANT_CONVERSION = YES;
				CLANG_WARN_DEPRECATED_OBJC_IMPLEMENTATIONS = YES;
				CLANG_WARN_DIRECT_OBJC_ISA_USAGE = YES_ERROR;
				CLANG_WARN_DOCUMENTATION_COMMENTS = YES;
				CLANG_WARN_EMPTY_BODY = YES;
				CLANG_WARN_ENUM_CONVERSION = YES;
				CLANG_WARN_INFINITE_RECURSION = YES;
				CLANG_WARN_INT_CONVERSION = YES;
				CLANG_WARN_NON_LITERAL_NULL_CONVERSION = YES;
				CLANG_WARN_OBJC_IMPLICIT_RETAIN_SELF = YES;
				CLANG_WARN_OBJC_LITERAL_CONVERSION = YES;
				CLANG_WARN_OBJC_ROOT_CLASS = YES_ERROR;
				CLANG_WARN_QUOTED_INCLUDE_IN_FRAMEWORK_HEADER = YES;
				CLANG_WARN_RANGE_LOOP_ANALYSIS = YES;
				CLANG_WARN_STRICT_PROTOTYPES = YES;
				CLANG_WARN_SUSPICIOUS_MOVE = YES;
				CLANG_WARN_UNGUARDED_AVAILABILITY = YES_AGGRESSIVE;
				CLANG_WARN_UNREACHABLE_CODE = YES;
				CLANG_WARN__DUPLICATE_METHOD_MATCH = YES;
				COPY_PHASE_STRIP = NO;
				DEBUG_INFORMATION_FORMAT = "dwarf-with-dsym";
				ENABLE_NS_ASSERTIONS = NO;
				ENABLE_STRICT_OBJC_MSGSEND = YES;
				ENABLE_USER_SCRIPT_SANDBOXING = YES;
				GCC_C_LANGUAGE_STANDARD = gnu17;
				GCC_NO_COMMON_BLOCKS = YES;
				GCC_WARN_64_TO_32_BIT_CONVERSION = YES;
				GCC_WARN_ABOUT_RETURN_TYPE = YES_ERROR;
				GCC_WARN_UNDECLARED_SELECTOR = YES;
				GCC_WARN_UNINITIALIZED_AUTOS = YES_AGGRESSIVE;
				GCC_WARN_UNUSED_FUNCTION = YES;
				GCC_WARN_UNUSED_VARIABLE = YES;
				LOCALIZATION_PREFERS_STRING_CATALOGS = YES;
				MTL_ENABLE_DEBUG_INFO = NO;
				MTL_FAST_MATH = YES;
				SWIFT_COMPILATION_MODE = wholemodule;
			};
			name = Release;
		};
		844589622CDE7E3F00F50958 /* Debug */ = {
			isa = XCBuildConfiguration;
			buildSettings = {
				ASSETCATALOG_COMPILER_APPICON_NAME = AppIcon;
				ASSETCATALOG_COMPILER_GLOBAL_ACCENT_COLOR_NAME = AccentColor;
				CODE_SIGN_ENTITLEMENTS = SwiftInterMediateBootCamp/SwiftInterMediateBootCamp.entitlements;
				CODE_SIGN_STYLE = Automatic;
				CURRENT_PROJECT_VERSION = 1;
				DEVELOPMENT_ASSET_PATHS = "\"SwiftInterMediateBootCamp/Preview Content\"";
				DEVELOPMENT_TEAM = QK2CD38CRT;
				ENABLE_HARDENED_RUNTIME = YES;
				ENABLE_PREVIEWS = YES;
				GENERATE_INFOPLIST_FILE = YES;
				"INFOPLIST_KEY_UIApplicationSceneManifest_Generation[sdk=iphoneos*]" = YES;
				"INFOPLIST_KEY_UIApplicationSceneManifest_Generation[sdk=iphonesimulator*]" = YES;
				"INFOPLIST_KEY_UIApplicationSupportsIndirectInputEvents[sdk=iphoneos*]" = YES;
				"INFOPLIST_KEY_UIApplicationSupportsIndirectInputEvents[sdk=iphonesimulator*]" = YES;
				"INFOPLIST_KEY_UILaunchScreen_Generation[sdk=iphoneos*]" = YES;
				"INFOPLIST_KEY_UILaunchScreen_Generation[sdk=iphonesimulator*]" = YES;
				"INFOPLIST_KEY_UIStatusBarStyle[sdk=iphoneos*]" = UIStatusBarStyleDefault;
				"INFOPLIST_KEY_UIStatusBarStyle[sdk=iphonesimulator*]" = UIStatusBarStyleDefault;
				INFOPLIST_KEY_UISupportedInterfaceOrientations_iPad = "UIInterfaceOrientationPortrait UIInterfaceOrientationPortraitUpsideDown UIInterfaceOrientationLandscapeLeft UIInterfaceOrientationLandscapeRight";
				INFOPLIST_KEY_UISupportedInterfaceOrientations_iPhone = "UIInterfaceOrientationPortrait UIInterfaceOrientationLandscapeLeft UIInterfaceOrientationLandscapeRight";
				IPHONEOS_DEPLOYMENT_TARGET = 16.6;
				LD_RUNPATH_SEARCH_PATHS = "@executable_path/Frameworks";
				"LD_RUNPATH_SEARCH_PATHS[sdk=macosx*]" = "@executable_path/../Frameworks";
				MACOSX_DEPLOYMENT_TARGET = 14.5;
				MARKETING_VERSION = 1.0;
				PRODUCT_BUNDLE_IDENTIFIER = arpit.SwiftInterMediateBootCamp;
				PRODUCT_NAME = "$(TARGET_NAME)";
				SDKROOT = auto;
				SUPPORTED_PLATFORMS = "iphoneos iphonesimulator macosx xros xrsimulator";
				SWIFT_EMIT_LOC_STRINGS = YES;
				SWIFT_VERSION = 5.0;
				TARGETED_DEVICE_FAMILY = "1,2,7";
				XROS_DEPLOYMENT_TARGET = 2.1;
			};
			name = Debug;
		};
		844589632CDE7E3F00F50958 /* Release */ = {
			isa = XCBuildConfiguration;
			buildSettings = {
				ASSETCATALOG_COMPILER_APPICON_NAME = AppIcon;
				ASSETCATALOG_COMPILER_GLOBAL_ACCENT_COLOR_NAME = AccentColor;
				CODE_SIGN_ENTITLEMENTS = SwiftInterMediateBootCamp/SwiftInterMediateBootCamp.entitlements;
				CODE_SIGN_STYLE = Automatic;
				CURRENT_PROJECT_VERSION = 1;
				DEVELOPMENT_ASSET_PATHS = "\"SwiftInterMediateBootCamp/Preview Content\"";
				DEVELOPMENT_TEAM = QK2CD38CRT;
				ENABLE_HARDENED_RUNTIME = YES;
				ENABLE_PREVIEWS = YES;
				GENERATE_INFOPLIST_FILE = YES;
				"INFOPLIST_KEY_UIApplicationSceneManifest_Generation[sdk=iphoneos*]" = YES;
				"INFOPLIST_KEY_UIApplicationSceneManifest_Generation[sdk=iphonesimulator*]" = YES;
				"INFOPLIST_KEY_UIApplicationSupportsIndirectInputEvents[sdk=iphoneos*]" = YES;
				"INFOPLIST_KEY_UIApplicationSupportsIndirectInputEvents[sdk=iphonesimulator*]" = YES;
				"INFOPLIST_KEY_UILaunchScreen_Generation[sdk=iphoneos*]" = YES;
				"INFOPLIST_KEY_UILaunchScreen_Generation[sdk=iphonesimulator*]" = YES;
				"INFOPLIST_KEY_UIStatusBarStyle[sdk=iphoneos*]" = UIStatusBarStyleDefault;
				"INFOPLIST_KEY_UIStatusBarStyle[sdk=iphonesimulator*]" = UIStatusBarStyleDefault;
				INFOPLIST_KEY_UISupportedInterfaceOrientations_iPad = "UIInterfaceOrientationPortrait UIInterfaceOrientationPortraitUpsideDown UIInterfaceOrientationLandscapeLeft UIInterfaceOrientationLandscapeRight";
				INFOPLIST_KEY_UISupportedInterfaceOrientations_iPhone = "UIInterfaceOrientationPortrait UIInterfaceOrientationLandscapeLeft UIInterfaceOrientationLandscapeRight";
				IPHONEOS_DEPLOYMENT_TARGET = 16.6;
				LD_RUNPATH_SEARCH_PATHS = "@executable_path/Frameworks";
				"LD_RUNPATH_SEARCH_PATHS[sdk=macosx*]" = "@executable_path/../Frameworks";
				MACOSX_DEPLOYMENT_TARGET = 14.5;
				MARKETING_VERSION = 1.0;
				PRODUCT_BUNDLE_IDENTIFIER = arpit.SwiftInterMediateBootCamp;
				PRODUCT_NAME = "$(TARGET_NAME)";
				SDKROOT = auto;
				SUPPORTED_PLATFORMS = "iphoneos iphonesimulator macosx xros xrsimulator";
				SWIFT_EMIT_LOC_STRINGS = YES;
				SWIFT_VERSION = 5.0;
				TARGETED_DEVICE_FAMILY = "1,2,7";
				XROS_DEPLOYMENT_TARGET = 2.1;
			};
			name = Release;
		};
		844589652CDE7E3F00F50958 /* Debug */ = {
			isa = XCBuildConfiguration;
			buildSettings = {
				BUNDLE_LOADER = "$(TEST_HOST)";
				CODE_SIGN_STYLE = Automatic;
				CURRENT_PROJECT_VERSION = 1;
				DEVELOPMENT_TEAM = QK2CD38CRT;
				GENERATE_INFOPLIST_FILE = YES;
				IPHONEOS_DEPLOYMENT_TARGET = 18.1;
				MACOSX_DEPLOYMENT_TARGET = 14.5;
				MARKETING_VERSION = 1.0;
				PRODUCT_BUNDLE_IDENTIFIER = arpit.SwiftInterMediateBootCampTests;
				PRODUCT_NAME = "$(TARGET_NAME)";
				SDKROOT = auto;
				SUPPORTED_PLATFORMS = "iphoneos iphonesimulator macosx xros xrsimulator";
				SWIFT_EMIT_LOC_STRINGS = NO;
				SWIFT_VERSION = 5.0;
				TARGETED_DEVICE_FAMILY = "1,2,7";
				TEST_HOST = "$(BUILT_PRODUCTS_DIR)/SwiftInterMediateBootCamp.app/$(BUNDLE_EXECUTABLE_FOLDER_PATH)/SwiftInterMediateBootCamp";
				XROS_DEPLOYMENT_TARGET = 2.1;
			};
			name = Debug;
		};
		844589662CDE7E3F00F50958 /* Release */ = {
			isa = XCBuildConfiguration;
			buildSettings = {
				BUNDLE_LOADER = "$(TEST_HOST)";
				CODE_SIGN_STYLE = Automatic;
				CURRENT_PROJECT_VERSION = 1;
				DEVELOPMENT_TEAM = QK2CD38CRT;
				GENERATE_INFOPLIST_FILE = YES;
				IPHONEOS_DEPLOYMENT_TARGET = 18.1;
				MACOSX_DEPLOYMENT_TARGET = 14.5;
				MARKETING_VERSION = 1.0;
				PRODUCT_BUNDLE_IDENTIFIER = arpit.SwiftInterMediateBootCampTests;
				PRODUCT_NAME = "$(TARGET_NAME)";
				SDKROOT = auto;
				SUPPORTED_PLATFORMS = "iphoneos iphonesimulator macosx xros xrsimulator";
				SWIFT_EMIT_LOC_STRINGS = NO;
				SWIFT_VERSION = 5.0;
				TARGETED_DEVICE_FAMILY = "1,2,7";
				TEST_HOST = "$(BUILT_PRODUCTS_DIR)/SwiftInterMediateBootCamp.app/$(BUNDLE_EXECUTABLE_FOLDER_PATH)/SwiftInterMediateBootCamp";
				XROS_DEPLOYMENT_TARGET = 2.1;
			};
			name = Release;
		};
		844589682CDE7E3F00F50958 /* Debug */ = {
			isa = XCBuildConfiguration;
			buildSettings = {
				CODE_SIGN_STYLE = Automatic;
				CURRENT_PROJECT_VERSION = 1;
				DEVELOPMENT_TEAM = QK2CD38CRT;
				GENERATE_INFOPLIST_FILE = YES;
				IPHONEOS_DEPLOYMENT_TARGET = 18.1;
				MACOSX_DEPLOYMENT_TARGET = 14.5;
				MARKETING_VERSION = 1.0;
				PRODUCT_BUNDLE_IDENTIFIER = arpit.SwiftInterMediateBootCampUITests;
				PRODUCT_NAME = "$(TARGET_NAME)";
				SDKROOT = auto;
				SUPPORTED_PLATFORMS = "iphoneos iphonesimulator macosx xros xrsimulator";
				SWIFT_EMIT_LOC_STRINGS = NO;
				SWIFT_VERSION = 5.0;
				TARGETED_DEVICE_FAMILY = "1,2,7";
				TEST_TARGET_NAME = SwiftInterMediateBootCamp;
				XROS_DEPLOYMENT_TARGET = 2.1;
			};
			name = Debug;
		};
		844589692CDE7E3F00F50958 /* Release */ = {
			isa = XCBuildConfiguration;
			buildSettings = {
				CODE_SIGN_STYLE = Automatic;
				CURRENT_PROJECT_VERSION = 1;
				DEVELOPMENT_TEAM = QK2CD38CRT;
				GENERATE_INFOPLIST_FILE = YES;
				IPHONEOS_DEPLOYMENT_TARGET = 18.1;
				MACOSX_DEPLOYMENT_TARGET = 14.5;
				MARKETING_VERSION = 1.0;
				PRODUCT_BUNDLE_IDENTIFIER = arpit.SwiftInterMediateBootCampUITests;
				PRODUCT_NAME = "$(TARGET_NAME)";
				SDKROOT = auto;
				SUPPORTED_PLATFORMS = "iphoneos iphonesimulator macosx xros xrsimulator";
				SWIFT_EMIT_LOC_STRINGS = NO;
				SWIFT_VERSION = 5.0;
				TARGETED_DEVICE_FAMILY = "1,2,7";
				TEST_TARGET_NAME = SwiftInterMediateBootCamp;
				XROS_DEPLOYMENT_TARGET = 2.1;
			};
			name = Release;
		};
/* End XCBuildConfiguration section */

/* Begin XCConfigurationList section */
		844589372CDE7E3E00F50958 /* Build configuration list for PBXProject "SwiftInterMediateBootCamp" */ = {
			isa = XCConfigurationList;
			buildConfigurations = (
				8445895F2CDE7E3F00F50958 /* Debug */,
				844589602CDE7E3F00F50958 /* Release */,
			);
			defaultConfigurationIsVisible = 0;
			defaultConfigurationName = Release;
		};
		844589612CDE7E3F00F50958 /* Build configuration list for PBXNativeTarget "SwiftInterMediateBootCamp" */ = {
			isa = XCConfigurationList;
			buildConfigurations = (
				844589622CDE7E3F00F50958 /* Debug */,
				844589632CDE7E3F00F50958 /* Release */,
			);
			defaultConfigurationIsVisible = 0;
			defaultConfigurationName = Release;
		};
		844589642CDE7E3F00F50958 /* Build configuration list for PBXNativeTarget "SwiftInterMediateBootCampTests" */ = {
			isa = XCConfigurationList;
			buildConfigurations = (
				844589652CDE7E3F00F50958 /* Debug */,
				844589662CDE7E3F00F50958 /* Release */,
			);
			defaultConfigurationIsVisible = 0;
			defaultConfigurationName = Release;
		};
		844589672CDE7E3F00F50958 /* Build configuration list for PBXNativeTarget "SwiftInterMediateBootCampUITests" */ = {
			isa = XCConfigurationList;
			buildConfigurations = (
				844589682CDE7E3F00F50958 /* Debug */,
				844589692CDE7E3F00F50958 /* Release */,
			);
			defaultConfigurationIsVisible = 0;
			defaultConfigurationName = Release;
		};
/* End XCConfigurationList section */
	};
	rootObject = 844589342CDE7E3E00F50958 /* Project object */;
}
